PODS:
  - SGVSuperMessagingProxy/Common (2.0.0)
  - SGVSuperMessagingProxy/Objective-C (2.0.0):
    - SGVSuperMessagingProxy/Common
  - SGVSuperMessagingProxy/Swift (2.0.0):
    - SGVSuperMessagingProxy/Common

DEPENDENCIES:
  - SGVSuperMessagingProxy/Objective-C (from `../`)
  - SGVSuperMessagingProxy/Swift (from `../`)

EXTERNAL SOURCES:
  SGVSuperMessagingProxy:
    :path: "../"

SPEC CHECKSUMS:
  SGVSuperMessagingProxy: 28c05736c9c63bdfe23000ffda24d7a2b3e4fb44

PODFILE CHECKSUM: 45dcbef0a1d31d7b614de17e40bc8ef6914533ce

COCOAPODS: 1.0.1
