PODS:
  - SGVSuperMessagingProxy/Objective-C (2.0.0):
    - SGVSuperMessagingProxy/Proxy
  - SGVSuperMessagingProxy/Proxy (2.0.0)
  - SGVSuperMessagingProxy/Swift (2.0.0):
    - SGVSuperMessagingProxy/Proxy

DEPENDENCIES:
  - SGVSuperMessagingProxy/Objective-C (from `../`)
  - SGVSuperMessagingProxy/Swift (from `../`)

EXTERNAL SOURCES:
  SGVSuperMessagingProxy:
    :path: "../"

SPEC CHECKSUMS:
  SGVSuperMessagingProxy: 275c2a0695725f144551ce5f51e1f4623aab08fd

PODFILE CHECKSUM: 1bdb2a70abc83f225c012202d35f35d0434d14fe

COCOAPODS: 1.0.0
