PODS:
  - SGVSuperMessagingProxy (1.0.1):
    - SGVSuperMessagingProxy/Core (= 1.0.1)
  - SGVSuperMessagingProxy/Core (1.0.1)

DEPENDENCIES:
  - SGVSuperMessagingProxy (from `../`)

EXTERNAL SOURCES:
  SGVSuperMessagingProxy:
    :path: "../"

SPEC CHECKSUMS:
  SGVSuperMessagingProxy: 64f542e7ab93e47c0d4d7e9c96df97c4ab240cba

PODFILE CHECKSUM: 77e8dcdda1f6b3d56327488264fee7d077744196

COCOAPODS: 1.0.0
