// !$*UTF8*$!
{
	archiveVersion = 1;
	classes = {
	};
	objectVersion = 46;
	objects = {

/* Begin PBXBuildFile section */
		482E4E904AAF9F3DACA8B57E /* Pods_ObjcTests_iOSObjcTests.framework in Frameworks */ = {isa = PBXBuildFile; fileRef = E1C0712A614CE16601A93240 /* Pods_ObjcTests_iOSObjcTests.framework */; };
		B005DBE81328A56FD084E095 /* Pods_SwiftTests_tvOSSwiftTests.framework in Frameworks */ = {isa = PBXBuildFile; fileRef = 78413A0FBE66040C14C14886 /* Pods_SwiftTests_tvOSSwiftTests.framework */; };
		B8B556CCD3FF80172D8E8D25 /* Pods_ObjcTests_OSXObjcTests.framework in Frameworks */ = {isa = PBXBuildFile; fileRef = BF946F4CD7DAD818451CA000 /* Pods_ObjcTests_OSXObjcTests.framework */; };
		BBB2A7C41D00CCD4007BC80B /* NyanCat.swift in Sources */ = {isa = PBXBuildFile; fileRef = BBF0D7A21CEFA26500871E67 /* NyanCat.swift */; };
		BBB2A7C51D00CCD4007BC80B /* ObjcCat.swift in Sources */ = {isa = PBXBuildFile; fileRef = BB59D73F1CFEAE3200748031 /* ObjcCat.swift */; };
		BBB2A7C61D00CCD4007BC80B /* ObjcNyanCat.swift in Sources */ = {isa = PBXBuildFile; fileRef = BB59D7411CFEAEED00748031 /* ObjcNyanCat.swift */; };
		BBB2A7CA1D00CCD4007BC80B /* Cat.swift in Sources */ = {isa = PBXBuildFile; fileRef = BBF0D7A11CEFA26500871E67 /* Cat.swift */; };
		BBB2A7CB1D00CCD4007BC80B /* ObjcNyanNyanCat.swift in Sources */ = {isa = PBXBuildFile; fileRef = BB59D7431CFEAF2B00748031 /* ObjcNyanNyanCat.swift */; };
		BBB2A7CC1D00CCD4007BC80B /* SuperMessagingProxyTests.swift in Sources */ = {isa = PBXBuildFile; fileRef = BBF0D79F1CEFA26500871E67 /* SuperMessagingProxyTests.swift */; };
		BBB2A7CD1D00CCD4007BC80B /* NyanNyanCat.swift in Sources */ = {isa = PBXBuildFile; fileRef = BBF0D7A31CEFA26500871E67 /* NyanNyanCat.swift */; };
		BBF0D7AC1CEFB5DE00871E67 /* SGVSuperMessagingProxyTests.m in Sources */ = {isa = PBXBuildFile; fileRef = BBF0D7AB1CEFB5DE00871E67 /* SGVSuperMessagingProxyTests.m */; };
		BBF0D7AF1CEFB88000871E67 /* Cat.m in Sources */ = {isa = PBXBuildFile; fileRef = BBF0D7AE1CEFB88000871E67 /* Cat.m */; };
		BBF0D7B21CEFBD1200871E67 /* NyanCat.m in Sources */ = {isa = PBXBuildFile; fileRef = BBF0D7B11CEFBD1200871E67 /* NyanCat.m */; };
		BBF0D7B51CEFBDBF00871E67 /* NyanNyanCat.m in Sources */ = {isa = PBXBuildFile; fileRef = BBF0D7B41CEFBDBF00871E67 /* NyanNyanCat.m */; };
		BBF2CDEB1D2FFFEF0051B2D4 /* Cat.m in Sources */ = {isa = PBXBuildFile; fileRef = BBF0D7AE1CEFB88000871E67 /* Cat.m */; };
		BBF2CDED1D2FFFEF0051B2D4 /* NyanCat.m in Sources */ = {isa = PBXBuildFile; fileRef = BBF0D7B11CEFBD1200871E67 /* NyanCat.m */; };
		BBF2CDEF1D2FFFEF0051B2D4 /* NyanNyanCat.m in Sources */ = {isa = PBXBuildFile; fileRef = BBF0D7B41CEFBDBF00871E67 /* NyanNyanCat.m */; };
		BBF2CDF01D2FFFEF0051B2D4 /* SGVSuperMessagingProxyTests.m in Sources */ = {isa = PBXBuildFile; fileRef = BBF0D7AB1CEFB5DE00871E67 /* SGVSuperMessagingProxyTests.m */; };
		BBF2CDF11D30000A0051B2D4 /* Cat.swift in Sources */ = {isa = PBXBuildFile; fileRef = BBF0D7A11CEFA26500871E67 /* Cat.swift */; };
		BBF2CDF21D30000A0051B2D4 /* NyanCat.swift in Sources */ = {isa = PBXBuildFile; fileRef = BBF0D7A21CEFA26500871E67 /* NyanCat.swift */; };
		BBF2CDF31D30000A0051B2D4 /* NyanNyanCat.swift in Sources */ = {isa = PBXBuildFile; fileRef = BBF0D7A31CEFA26500871E67 /* NyanNyanCat.swift */; };
		BBF2CDF41D30000A0051B2D4 /* ObjcCat.swift in Sources */ = {isa = PBXBuildFile; fileRef = BB59D73F1CFEAE3200748031 /* ObjcCat.swift */; };
		BBF2CDF51D30000A0051B2D4 /* ObjcNyanCat.swift in Sources */ = {isa = PBXBuildFile; fileRef = BB59D7411CFEAEED00748031 /* ObjcNyanCat.swift */; };
		BBF2CDF61D30000A0051B2D4 /* ObjcNyanNyanCat.swift in Sources */ = {isa = PBXBuildFile; fileRef = BB59D7431CFEAF2B00748031 /* ObjcNyanNyanCat.swift */; };
		BBF2CDF71D30000A0051B2D4 /* SuperMessagingProxyTests.swift in Sources */ = {isa = PBXBuildFile; fileRef = BBF0D79F1CEFA26500871E67 /* SuperMessagingProxyTests.swift */; };
		BBF2CE101D3000900051B2D4 /* Cat.m in Sources */ = {isa = PBXBuildFile; fileRef = BBF0D7AE1CEFB88000871E67 /* Cat.m */; };
		BBF2CE111D3000900051B2D4 /* NyanCat.m in Sources */ = {isa = PBXBuildFile; fileRef = BBF0D7B11CEFBD1200871E67 /* NyanCat.m */; };
		BBF2CE121D3000900051B2D4 /* NyanNyanCat.m in Sources */ = {isa = PBXBuildFile; fileRef = BBF0D7B41CEFBDBF00871E67 /* NyanNyanCat.m */; };
		BBF2CE131D3000900051B2D4 /* SGVSuperMessagingProxyTests.m in Sources */ = {isa = PBXBuildFile; fileRef = BBF0D7AB1CEFB5DE00871E67 /* SGVSuperMessagingProxyTests.m */; };
		BBF2CE141D3000960051B2D4 /* Cat.swift in Sources */ = {isa = PBXBuildFile; fileRef = BBF0D7A11CEFA26500871E67 /* Cat.swift */; };
		BBF2CE151D3000960051B2D4 /* NyanCat.swift in Sources */ = {isa = PBXBuildFile; fileRef = BBF0D7A21CEFA26500871E67 /* NyanCat.swift */; };
		BBF2CE161D3000960051B2D4 /* NyanNyanCat.swift in Sources */ = {isa = PBXBuildFile; fileRef = BBF0D7A31CEFA26500871E67 /* NyanNyanCat.swift */; };
		BBF2CE171D3000960051B2D4 /* ObjcCat.swift in Sources */ = {isa = PBXBuildFile; fileRef = BB59D73F1CFEAE3200748031 /* ObjcCat.swift */; };
		BBF2CE181D3000960051B2D4 /* ObjcNyanCat.swift in Sources */ = {isa = PBXBuildFile; fileRef = BB59D7411CFEAEED00748031 /* ObjcNyanCat.swift */; };
		BBF2CE191D3000960051B2D4 /* ObjcNyanNyanCat.swift in Sources */ = {isa = PBXBuildFile; fileRef = BB59D7431CFEAF2B00748031 /* ObjcNyanNyanCat.swift */; };
		BBF2CE1A1D3000960051B2D4 /* SuperMessagingProxyTests.swift in Sources */ = {isa = PBXBuildFile; fileRef = BBF0D79F1CEFA26500871E67 /* SuperMessagingProxyTests.swift */; };
		BFBF00BB3033523AC00279A3 /* Pods_SwiftTests_iOSSwiftTests.framework in Frameworks */ = {isa = PBXBuildFile; fileRef = 9ABCAE955B1E5D79FB755380 /* Pods_SwiftTests_iOSSwiftTests.framework */; };
		E6D5532F64BE95460F08BF7E /* Pods_SwiftTests_OSXSwiftTests.framework in Frameworks */ = {isa = PBXBuildFile; fileRef = 45F884DBD2707B84C40E47DD /* Pods_SwiftTests_OSXSwiftTests.framework */; };
		F7859144ACD42D562B0D50BE /* Pods_ObjcTests_tvOSObjcTests.framework in Frameworks */ = {isa = PBXBuildFile; fileRef = CF521C34E72863270B562F08 /* Pods_ObjcTests_tvOSObjcTests.framework */; };
/* End PBXBuildFile section */

/* Begin PBXFileReference section */
		0820F10E65A1274D357E8FBB /* Pods_ObjcSuperMessagingProxyTests.framework */ = {isa = PBXFileReference; explicitFileType = wrapper.framework; includeInIndex = 0; path = Pods_ObjcSuperMessagingProxyTests.framework; sourceTree = BUILT_PRODUCTS_DIR; };
		089DA3F4DC9DED8F7ECB0E3C /* Pods_SwiftSuperMessagingProxyTests.framework */ = {isa = PBXFileReference; explicitFileType = wrapper.framework; includeInIndex = 0; path = Pods_SwiftSuperMessagingProxyTests.framework; sourceTree = BUILT_PRODUCTS_DIR; };
		156D4D9F774ACA1FE3FEB792 /* Pods-ObjcTests-OSXObjcTests.release.xcconfig */ = {isa = PBXFileReference; includeInIndex = 1; lastKnownFileType = text.xcconfig; name = "Pods-ObjcTests-OSXObjcTests.release.xcconfig"; path = "Pods/Target Support Files/Pods-ObjcTests-OSXObjcTests/Pods-ObjcTests-OSXObjcTests.release.xcconfig"; sourceTree = "<group>"; };
		1AC129F6142EE0CFD66CE88A /* README.md */ = {isa = PBXFileReference; includeInIndex = 1; lastKnownFileType = net.daringfireball.markdown; name = README.md; path = ../README.md; sourceTree = "<group>"; };
		2CCFE1031E3C5C1D50679EFF /* Pods-SwiftTests-tvOSSwiftTests.debug.xcconfig */ = {isa = PBXFileReference; includeInIndex = 1; lastKnownFileType = text.xcconfig; name = "Pods-SwiftTests-tvOSSwiftTests.debug.xcconfig"; path = "Pods/Target Support Files/Pods-SwiftTests-tvOSSwiftTests/Pods-SwiftTests-tvOSSwiftTests.debug.xcconfig"; sourceTree = "<group>"; };
		3940600CB5D002BA766736BF /* Pods-ObjcTests-tvOSObjcTests.release.xcconfig */ = {isa = PBXFileReference; includeInIndex = 1; lastKnownFileType = text.xcconfig; name = "Pods-ObjcTests-tvOSObjcTests.release.xcconfig"; path = "Pods/Target Support Files/Pods-ObjcTests-tvOSObjcTests/Pods-ObjcTests-tvOSObjcTests.release.xcconfig"; sourceTree = "<group>"; };
		45F884DBD2707B84C40E47DD /* Pods_SwiftTests_OSXSwiftTests.framework */ = {isa = PBXFileReference; explicitFileType = wrapper.framework; includeInIndex = 0; path = Pods_SwiftTests_OSXSwiftTests.framework; sourceTree = BUILT_PRODUCTS_DIR; };
		55DAC46AA2376B464802AFE4 /* LICENSE */ = {isa = PBXFileReference; includeInIndex = 1; lastKnownFileType = text; name = LICENSE; path = ../LICENSE; sourceTree = "<group>"; };
		580D49683003078C03AAAE03 /* Pods-ObjcTests-iOSObjcTests.release.xcconfig */ = {isa = PBXFileReference; includeInIndex = 1; lastKnownFileType = text.xcconfig; name = "Pods-ObjcTests-iOSObjcTests.release.xcconfig"; path = "Pods/Target Support Files/Pods-ObjcTests-iOSObjcTests/Pods-ObjcTests-iOSObjcTests.release.xcconfig"; sourceTree = "<group>"; };
		6003F58D195388D20070C39A /* Foundation.framework */ = {isa = PBXFileReference; lastKnownFileType = wrapper.framework; name = Foundation.framework; path = System/Library/Frameworks/Foundation.framework; sourceTree = SDKROOT; };
		6BE1BF69099719924264FFB5 /* Pods-SwiftTests-iOSSwiftTests.release.xcconfig */ = {isa = PBXFileReference; includeInIndex = 1; lastKnownFileType = text.xcconfig; name = "Pods-SwiftTests-iOSSwiftTests.release.xcconfig"; path = "Pods/Target Support Files/Pods-SwiftTests-iOSSwiftTests/Pods-SwiftTests-iOSSwiftTests.release.xcconfig"; sourceTree = "<group>"; };
		75A18BE7D78CB1B90A3413FD /* Pods-SwiftTests-OSXSwiftTests.debug.xcconfig */ = {isa = PBXFileReference; includeInIndex = 1; lastKnownFileType = text.xcconfig; name = "Pods-SwiftTests-OSXSwiftTests.debug.xcconfig"; path = "Pods/Target Support Files/Pods-SwiftTests-OSXSwiftTests/Pods-SwiftTests-OSXSwiftTests.debug.xcconfig"; sourceTree = "<group>"; };
		78413A0FBE66040C14C14886 /* Pods_SwiftTests_tvOSSwiftTests.framework */ = {isa = PBXFileReference; explicitFileType = wrapper.framework; includeInIndex = 0; path = Pods_SwiftTests_tvOSSwiftTests.framework; sourceTree = BUILT_PRODUCTS_DIR; };
		92EE4A6673A18E8CA6203357 /* SGVSuperMessagingProxy.podspec */ = {isa = PBXFileReference; includeInIndex = 1; lastKnownFileType = text; name = SGVSuperMessagingProxy.podspec; path = ../SGVSuperMessagingProxy.podspec; sourceTree = "<group>"; xcLanguageSpecificationIdentifier = xcode.lang.ruby; };
		9ABCAE955B1E5D79FB755380 /* Pods_SwiftTests_iOSSwiftTests.framework */ = {isa = PBXFileReference; explicitFileType = wrapper.framework; includeInIndex = 0; path = Pods_SwiftTests_iOSSwiftTests.framework; sourceTree = BUILT_PRODUCTS_DIR; };
		B073FC61F51ED024320CB535 /* Pods-SwiftTests-tvOSSwiftTests.release.xcconfig */ = {isa = PBXFileReference; includeInIndex = 1; lastKnownFileType = text.xcconfig; name = "Pods-SwiftTests-tvOSSwiftTests.release.xcconfig"; path = "Pods/Target Support Files/Pods-SwiftTests-tvOSSwiftTests/Pods-SwiftTests-tvOSSwiftTests.release.xcconfig"; sourceTree = "<group>"; };
		B91D8FBA1441865AD37F44C1 /* Pods-SwiftTests-iOSSwiftTests.debug.xcconfig */ = {isa = PBXFileReference; includeInIndex = 1; lastKnownFileType = text.xcconfig; name = "Pods-SwiftTests-iOSSwiftTests.debug.xcconfig"; path = "Pods/Target Support Files/Pods-SwiftTests-iOSSwiftTests/Pods-SwiftTests-iOSSwiftTests.debug.xcconfig"; sourceTree = "<group>"; };
		BA7F56332C3FB98E5ED4FB4C /* Pods-ObjcTests-tvOSObjcTests.debug.xcconfig */ = {isa = PBXFileReference; includeInIndex = 1; lastKnownFileType = text.xcconfig; name = "Pods-ObjcTests-tvOSObjcTests.debug.xcconfig"; path = "Pods/Target Support Files/Pods-ObjcTests-tvOSObjcTests/Pods-ObjcTests-tvOSObjcTests.debug.xcconfig"; sourceTree = "<group>"; };
		BB07E1E71CEF9B3C000F1535 /* OSXObjcTests.xctest */ = {isa = PBXFileReference; explicitFileType = wrapper.cfbundle; includeInIndex = 0; path = OSXObjcTests.xctest; sourceTree = BUILT_PRODUCTS_DIR; };
		BB59D73F1CFEAE3200748031 /* ObjcCat.swift */ = {isa = PBXFileReference; fileEncoding = 4; lastKnownFileType = sourcecode.swift; path = ObjcCat.swift; sourceTree = "<group>"; };
		BB59D7411CFEAEED00748031 /* ObjcNyanCat.swift */ = {isa = PBXFileReference; fileEncoding = 4; lastKnownFileType = sourcecode.swift; path = ObjcNyanCat.swift; sourceTree = "<group>"; };
		BB59D7431CFEAF2B00748031 /* ObjcNyanNyanCat.swift */ = {isa = PBXFileReference; fileEncoding = 4; lastKnownFileType = sourcecode.swift; path = ObjcNyanNyanCat.swift; sourceTree = "<group>"; };
		BBB2A7D71D00CCD4007BC80B /* OSXSwiftTests.xctest */ = {isa = PBXFileReference; explicitFileType = wrapper.cfbundle; includeInIndex = 0; path = OSXSwiftTests.xctest; sourceTree = BUILT_PRODUCTS_DIR; };
		BBD9CB6F1CEE555F00B7A43E /* Info.plist */ = {isa = PBXFileReference; fileEncoding = 4; lastKnownFileType = text.plist.xml; path = Info.plist; sourceTree = "<group>"; };
		BBF0D79F1CEFA26500871E67 /* SuperMessagingProxyTests.swift */ = {isa = PBXFileReference; fileEncoding = 4; lastKnownFileType = sourcecode.swift; path = SuperMessagingProxyTests.swift; sourceTree = "<group>"; };
		BBF0D7A11CEFA26500871E67 /* Cat.swift */ = {isa = PBXFileReference; fileEncoding = 4; lastKnownFileType = sourcecode.swift; path = Cat.swift; sourceTree = "<group>"; };
		BBF0D7A21CEFA26500871E67 /* NyanCat.swift */ = {isa = PBXFileReference; fileEncoding = 4; lastKnownFileType = sourcecode.swift; path = NyanCat.swift; sourceTree = "<group>"; };
		BBF0D7A31CEFA26500871E67 /* NyanNyanCat.swift */ = {isa = PBXFileReference; fileEncoding = 4; lastKnownFileType = sourcecode.swift; path = NyanNyanCat.swift; sourceTree = "<group>"; };
		BBF0D7AB1CEFB5DE00871E67 /* SGVSuperMessagingProxyTests.m */ = {isa = PBXFileReference; fileEncoding = 4; lastKnownFileType = sourcecode.c.objc; path = SGVSuperMessagingProxyTests.m; sourceTree = "<group>"; };
		BBF0D7AD1CEFB88000871E67 /* Cat.h */ = {isa = PBXFileReference; fileEncoding = 4; lastKnownFileType = sourcecode.c.h; path = Cat.h; sourceTree = "<group>"; };
		BBF0D7AE1CEFB88000871E67 /* Cat.m */ = {isa = PBXFileReference; fileEncoding = 4; lastKnownFileType = sourcecode.c.objc; path = Cat.m; sourceTree = "<group>"; };
		BBF0D7B01CEFBD1200871E67 /* NyanCat.h */ = {isa = PBXFileReference; fileEncoding = 4; lastKnownFileType = sourcecode.c.h; path = NyanCat.h; sourceTree = "<group>"; };
		BBF0D7B11CEFBD1200871E67 /* NyanCat.m */ = {isa = PBXFileReference; fileEncoding = 4; lastKnownFileType = sourcecode.c.objc; path = NyanCat.m; sourceTree = "<group>"; };
		BBF0D7B31CEFBDBF00871E67 /* NyanNyanCat.h */ = {isa = PBXFileReference; fileEncoding = 4; lastKnownFileType = sourcecode.c.h; path = NyanNyanCat.h; sourceTree = "<group>"; };
		BBF0D7B41CEFBDBF00871E67 /* NyanNyanCat.m */ = {isa = PBXFileReference; fileEncoding = 4; lastKnownFileType = sourcecode.c.objc; path = NyanNyanCat.m; sourceTree = "<group>"; };
		BBF2CDD61D2FFF700051B2D4 /* iOSObjcTests.xctest */ = {isa = PBXFileReference; explicitFileType = wrapper.cfbundle; includeInIndex = 0; path = iOSObjcTests.xctest; sourceTree = BUILT_PRODUCTS_DIR; };
		BBF2CDE21D2FFFA30051B2D4 /* iOSSwiftTests.xctest */ = {isa = PBXFileReference; explicitFileType = wrapper.cfbundle; includeInIndex = 0; path = iOSSwiftTests.xctest; sourceTree = BUILT_PRODUCTS_DIR; };
		BBF2CDFC1D3000460051B2D4 /* tvOSObjcTests.xctest */ = {isa = PBXFileReference; explicitFileType = wrapper.cfbundle; includeInIndex = 0; path = tvOSObjcTests.xctest; sourceTree = BUILT_PRODUCTS_DIR; };
		BBF2CE081D3000620051B2D4 /* tvOSSwiftTests.xctest */ = {isa = PBXFileReference; explicitFileType = wrapper.cfbundle; includeInIndex = 0; path = tvOSSwiftTests.xctest; sourceTree = BUILT_PRODUCTS_DIR; };
		BF946F4CD7DAD818451CA000 /* Pods_ObjcTests_OSXObjcTests.framework */ = {isa = PBXFileReference; explicitFileType = wrapper.framework; includeInIndex = 0; path = Pods_ObjcTests_OSXObjcTests.framework; sourceTree = BUILT_PRODUCTS_DIR; };
		C9806476EFD2513B304478B0 /* Pods-ObjcTests-iOSObjcTests.debug.xcconfig */ = {isa = PBXFileReference; includeInIndex = 1; lastKnownFileType = text.xcconfig; name = "Pods-ObjcTests-iOSObjcTests.debug.xcconfig"; path = "Pods/Target Support Files/Pods-ObjcTests-iOSObjcTests/Pods-ObjcTests-iOSObjcTests.debug.xcconfig"; sourceTree = "<group>"; };
		CCD03A9196103C3597B42ED5 /* Pods-ObjcTests-OSXObjcTests.debug.xcconfig */ = {isa = PBXFileReference; includeInIndex = 1; lastKnownFileType = text.xcconfig; name = "Pods-ObjcTests-OSXObjcTests.debug.xcconfig"; path = "Pods/Target Support Files/Pods-ObjcTests-OSXObjcTests/Pods-ObjcTests-OSXObjcTests.debug.xcconfig"; sourceTree = "<group>"; };
		CF521C34E72863270B562F08 /* Pods_ObjcTests_tvOSObjcTests.framework */ = {isa = PBXFileReference; explicitFileType = wrapper.framework; includeInIndex = 0; path = Pods_ObjcTests_tvOSObjcTests.framework; sourceTree = BUILT_PRODUCTS_DIR; };
		D9B8BB77653C8B4930D15628 /* Pods-SwiftTests-OSXSwiftTests.release.xcconfig */ = {isa = PBXFileReference; includeInIndex = 1; lastKnownFileType = text.xcconfig; name = "Pods-SwiftTests-OSXSwiftTests.release.xcconfig"; path = "Pods/Target Support Files/Pods-SwiftTests-OSXSwiftTests/Pods-SwiftTests-OSXSwiftTests.release.xcconfig"; sourceTree = "<group>"; };
		E1C0712A614CE16601A93240 /* Pods_ObjcTests_iOSObjcTests.framework */ = {isa = PBXFileReference; explicitFileType = wrapper.framework; includeInIndex = 0; path = Pods_ObjcTests_iOSObjcTests.framework; sourceTree = BUILT_PRODUCTS_DIR; };
/* End PBXFileReference section */

/* Begin PBXFrameworksBuildPhase section */
		BB07E1E41CEF9B3C000F1535 /* Frameworks */ = {
			isa = PBXFrameworksBuildPhase;
			buildActionMask = 2147483647;
			files = (
				B8B556CCD3FF80172D8E8D25 /* Pods_ObjcTests_OSXObjcTests.framework in Frameworks */,
			);
			runOnlyForDeploymentPostprocessing = 0;
		};
		BBB2A7CF1D00CCD4007BC80B /* Frameworks */ = {
			isa = PBXFrameworksBuildPhase;
			buildActionMask = 2147483647;
			files = (
				E6D5532F64BE95460F08BF7E /* Pods_SwiftTests_OSXSwiftTests.framework in Frameworks */,
			);
			runOnlyForDeploymentPostprocessing = 0;
		};
		BBF2CDD31D2FFF700051B2D4 /* Frameworks */ = {
			isa = PBXFrameworksBuildPhase;
			buildActionMask = 2147483647;
			files = (
				482E4E904AAF9F3DACA8B57E /* Pods_ObjcTests_iOSObjcTests.framework in Frameworks */,
			);
			runOnlyForDeploymentPostprocessing = 0;
		};
		BBF2CDDF1D2FFFA30051B2D4 /* Frameworks */ = {
			isa = PBXFrameworksBuildPhase;
			buildActionMask = 2147483647;
			files = (
				BFBF00BB3033523AC00279A3 /* Pods_SwiftTests_iOSSwiftTests.framework in Frameworks */,
			);
			runOnlyForDeploymentPostprocessing = 0;
		};
		BBF2CDF91D3000460051B2D4 /* Frameworks */ = {
			isa = PBXFrameworksBuildPhase;
			buildActionMask = 2147483647;
			files = (
				F7859144ACD42D562B0D50BE /* Pods_ObjcTests_tvOSObjcTests.framework in Frameworks */,
			);
			runOnlyForDeploymentPostprocessing = 0;
		};
		BBF2CE051D3000620051B2D4 /* Frameworks */ = {
			isa = PBXFrameworksBuildPhase;
			buildActionMask = 2147483647;
			files = (
				B005DBE81328A56FD084E095 /* Pods_SwiftTests_tvOSSwiftTests.framework in Frameworks */,
			);
			runOnlyForDeploymentPostprocessing = 0;
		};
/* End PBXFrameworksBuildPhase section */

/* Begin PBXGroup section */
		6003F581195388D10070C39A = {
			isa = PBXGroup;
			children = (
				60FF7A9C1954A5C5007DD14C /* Podspec Metadata */,
				BBD9CB5F1CEE550300B7A43E /* Tests */,
				6003F58C195388D20070C39A /* Frameworks */,
				6003F58B195388D20070C39A /* Products */,
				91FB0AA0D2B71F8706C03038 /* Pods */,
			);
			sourceTree = "<group>";
		};
		6003F58B195388D20070C39A /* Products */ = {
			isa = PBXGroup;
			children = (
				BB07E1E71CEF9B3C000F1535 /* OSXObjcTests.xctest */,
				BBB2A7D71D00CCD4007BC80B /* OSXSwiftTests.xctest */,
				BBF2CDD61D2FFF700051B2D4 /* iOSObjcTests.xctest */,
				BBF2CDE21D2FFFA30051B2D4 /* iOSSwiftTests.xctest */,
				BBF2CDFC1D3000460051B2D4 /* tvOSObjcTests.xctest */,
				BBF2CE081D3000620051B2D4 /* tvOSSwiftTests.xctest */,
			);
			name = Products;
			sourceTree = "<group>";
		};
		6003F58C195388D20070C39A /* Frameworks */ = {
			isa = PBXGroup;
			children = (
				6003F58D195388D20070C39A /* Foundation.framework */,
				0820F10E65A1274D357E8FBB /* Pods_ObjcSuperMessagingProxyTests.framework */,
				089DA3F4DC9DED8F7ECB0E3C /* Pods_SwiftSuperMessagingProxyTests.framework */,
				BF946F4CD7DAD818451CA000 /* Pods_ObjcTests_OSXObjcTests.framework */,
				E1C0712A614CE16601A93240 /* Pods_ObjcTests_iOSObjcTests.framework */,
				CF521C34E72863270B562F08 /* Pods_ObjcTests_tvOSObjcTests.framework */,
				45F884DBD2707B84C40E47DD /* Pods_SwiftTests_OSXSwiftTests.framework */,
				9ABCAE955B1E5D79FB755380 /* Pods_SwiftTests_iOSSwiftTests.framework */,
				78413A0FBE66040C14C14886 /* Pods_SwiftTests_tvOSSwiftTests.framework */,
			);
			name = Frameworks;
			sourceTree = "<group>";
		};
		60FF7A9C1954A5C5007DD14C /* Podspec Metadata */ = {
			isa = PBXGroup;
			children = (
				92EE4A6673A18E8CA6203357 /* SGVSuperMessagingProxy.podspec */,
				1AC129F6142EE0CFD66CE88A /* README.md */,
				55DAC46AA2376B464802AFE4 /* LICENSE */,
			);
			name = "Podspec Metadata";
			sourceTree = "<group>";
		};
		91FB0AA0D2B71F8706C03038 /* Pods */ = {
			isa = PBXGroup;
			children = (
				CCD03A9196103C3597B42ED5 /* Pods-ObjcTests-OSXObjcTests.debug.xcconfig */,
				156D4D9F774ACA1FE3FEB792 /* Pods-ObjcTests-OSXObjcTests.release.xcconfig */,
				C9806476EFD2513B304478B0 /* Pods-ObjcTests-iOSObjcTests.debug.xcconfig */,
				580D49683003078C03AAAE03 /* Pods-ObjcTests-iOSObjcTests.release.xcconfig */,
				BA7F56332C3FB98E5ED4FB4C /* Pods-ObjcTests-tvOSObjcTests.debug.xcconfig */,
				3940600CB5D002BA766736BF /* Pods-ObjcTests-tvOSObjcTests.release.xcconfig */,
				75A18BE7D78CB1B90A3413FD /* Pods-SwiftTests-OSXSwiftTests.debug.xcconfig */,
				D9B8BB77653C8B4930D15628 /* Pods-SwiftTests-OSXSwiftTests.release.xcconfig */,
				B91D8FBA1441865AD37F44C1 /* Pods-SwiftTests-iOSSwiftTests.debug.xcconfig */,
				6BE1BF69099719924264FFB5 /* Pods-SwiftTests-iOSSwiftTests.release.xcconfig */,
				2CCFE1031E3C5C1D50679EFF /* Pods-SwiftTests-tvOSSwiftTests.debug.xcconfig */,
				B073FC61F51ED024320CB535 /* Pods-SwiftTests-tvOSSwiftTests.release.xcconfig */,
			);
			name = Pods;
			sourceTree = "<group>";
		};
		BBD9CB5F1CEE550300B7A43E /* Tests */ = {
			isa = PBXGroup;
			children = (
				BBF0D7981CEFA26500871E67 /* Objective-C */,
				BBF0D7A01CEFA26500871E67 /* Swift */,
				BBF0D79F1CEFA26500871E67 /* SuperMessagingProxyTests.swift */,
				BBF0D7AB1CEFB5DE00871E67 /* SGVSuperMessagingProxyTests.m */,
				BBD9CB6F1CEE555F00B7A43E /* Info.plist */,
			);
			path = Tests;
			sourceTree = "<group>";
		};
		BBF0D7981CEFA26500871E67 /* Objective-C */ = {
			isa = PBXGroup;
			children = (
				BBF0D7AD1CEFB88000871E67 /* Cat.h */,
				BBF0D7AE1CEFB88000871E67 /* Cat.m */,
				BBF0D7B01CEFBD1200871E67 /* NyanCat.h */,
				BBF0D7B11CEFBD1200871E67 /* NyanCat.m */,
				BBF0D7B31CEFBDBF00871E67 /* NyanNyanCat.h */,
				BBF0D7B41CEFBDBF00871E67 /* NyanNyanCat.m */,
			);
			path = "Objective-C";
			sourceTree = "<group>";
		};
		BBF0D7A01CEFA26500871E67 /* Swift */ = {
			isa = PBXGroup;
			children = (
				BBF0D7A11CEFA26500871E67 /* Cat.swift */,
				BBF0D7A21CEFA26500871E67 /* NyanCat.swift */,
				BBF0D7A31CEFA26500871E67 /* NyanNyanCat.swift */,
				BB59D73F1CFEAE3200748031 /* ObjcCat.swift */,
				BB59D7411CFEAEED00748031 /* ObjcNyanCat.swift */,
				BB59D7431CFEAF2B00748031 /* ObjcNyanNyanCat.swift */,
			);
			path = Swift;
			sourceTree = "<group>";
		};
/* End PBXGroup section */

/* Begin PBXNativeTarget section */
		BB07E1E61CEF9B3C000F1535 /* OSXObjcTests */ = {
			isa = PBXNativeTarget;
			buildConfigurationList = BB07E1EE1CEF9B3C000F1535 /* Build configuration list for PBXNativeTarget "OSXObjcTests" */;
			buildPhases = (
				5FBEFE95DD0B624A145D1185 /* [CP] Check Pods Manifest.lock */,
				BB07E1E31CEF9B3C000F1535 /* Sources */,
				BB07E1E41CEF9B3C000F1535 /* Frameworks */,
				BB07E1E51CEF9B3C000F1535 /* Resources */,
				0BB52B2C1EAE420AF94FA4F5 /* [CP] Embed Pods Frameworks */,
				8C5D7422B6EEB530563812D8 /* [CP] Copy Pods Resources */,
			);
			buildRules = (
			);
			dependencies = (
			);
			name = OSXObjcTests;
			productName = SuperMessagingProxyTests;
			productReference = BB07E1E71CEF9B3C000F1535 /* OSXObjcTests.xctest */;
			productType = "com.apple.product-type.bundle.unit-test";
		};
		BBB2A7C11D00CCD4007BC80B /* OSXSwiftTests */ = {
			isa = PBXNativeTarget;
			buildConfigurationList = BBB2A7D41D00CCD4007BC80B /* Build configuration list for PBXNativeTarget "OSXSwiftTests" */;
			buildPhases = (
				BBB2A7C21D00CCD4007BC80B /* [CP] Check Pods Manifest.lock */,
				BBB2A7C31D00CCD4007BC80B /* Sources */,
				BBB2A7CF1D00CCD4007BC80B /* Frameworks */,
				BBB2A7D11D00CCD4007BC80B /* Resources */,
				BBB2A7D21D00CCD4007BC80B /* [CP] Embed Pods Frameworks */,
				BBB2A7D31D00CCD4007BC80B /* [CP] Copy Pods Resources */,
			);
			buildRules = (
			);
			dependencies = (
			);
			name = OSXSwiftTests;
			productName = SuperMessagingProxyTests;
			productReference = BBB2A7D71D00CCD4007BC80B /* OSXSwiftTests.xctest */;
			productType = "com.apple.product-type.bundle.unit-test";
		};
		BBF2CDD51D2FFF700051B2D4 /* iOSObjcTests */ = {
			isa = PBXNativeTarget;
			buildConfigurationList = BBF2CDDB1D2FFF700051B2D4 /* Build configuration list for PBXNativeTarget "iOSObjcTests" */;
			buildPhases = (
				A23409AA4C1DA0270F3C72A0 /* [CP] Check Pods Manifest.lock */,
				BBF2CDD21D2FFF700051B2D4 /* Sources */,
				BBF2CDD31D2FFF700051B2D4 /* Frameworks */,
				BBF2CDD41D2FFF700051B2D4 /* Resources */,
				C9CE78D54C5096A853E145B2 /* [CP] Embed Pods Frameworks */,
				96DAAA014E1EC94B2A42F651 /* [CP] Copy Pods Resources */,
			);
			buildRules = (
			);
			dependencies = (
			);
			name = iOSObjcTests;
			productName = iOSObjcTests;
			productReference = BBF2CDD61D2FFF700051B2D4 /* iOSObjcTests.xctest */;
			productType = "com.apple.product-type.bundle.unit-test";
		};
		BBF2CDE11D2FFFA30051B2D4 /* iOSSwiftTests */ = {
			isa = PBXNativeTarget;
			buildConfigurationList = BBF2CDE71D2FFFA40051B2D4 /* Build configuration list for PBXNativeTarget "iOSSwiftTests" */;
			buildPhases = (
				EC2BC3E3A0D0651ABEBDEB81 /* [CP] Check Pods Manifest.lock */,
				BBF2CDDE1D2FFFA30051B2D4 /* Sources */,
				BBF2CDDF1D2FFFA30051B2D4 /* Frameworks */,
				BBF2CDE01D2FFFA30051B2D4 /* Resources */,
				24F76DCFA5D28950E5ABDC49 /* [CP] Embed Pods Frameworks */,
				9A6DB8538B3E4C0DAD86EBAC /* [CP] Copy Pods Resources */,
			);
			buildRules = (
			);
			dependencies = (
			);
			name = iOSSwiftTests;
			productName = iOSSwiftTests;
			productReference = BBF2CDE21D2FFFA30051B2D4 /* iOSSwiftTests.xctest */;
			productType = "com.apple.product-type.bundle.unit-test";
		};
		BBF2CDFB1D3000460051B2D4 /* tvOSObjcTests */ = {
			isa = PBXNativeTarget;
			buildConfigurationList = BBF2CE011D3000460051B2D4 /* Build configuration list for PBXNativeTarget "tvOSObjcTests" */;
			buildPhases = (
				2E8979885FF0F5D40BC0F2D6 /* [CP] Check Pods Manifest.lock */,
				BBF2CDF81D3000460051B2D4 /* Sources */,
				BBF2CDF91D3000460051B2D4 /* Frameworks */,
				BBF2CDFA1D3000460051B2D4 /* Resources */,
				AEA2EEACF029CF320D6141E0 /* [CP] Embed Pods Frameworks */,
				2B062C1D05C3C71331E5E499 /* [CP] Copy Pods Resources */,
			);
			buildRules = (
			);
			dependencies = (
			);
			name = tvOSObjcTests;
			productName = tvOSObjcTests;
			productReference = BBF2CDFC1D3000460051B2D4 /* tvOSObjcTests.xctest */;
			productType = "com.apple.product-type.bundle.unit-test";
		};
		BBF2CE071D3000620051B2D4 /* tvOSSwiftTests */ = {
			isa = PBXNativeTarget;
			buildConfigurationList = BBF2CE0D1D3000620051B2D4 /* Build configuration list for PBXNativeTarget "tvOSSwiftTests" */;
			buildPhases = (
				1791EF27904E5A8C291418E9 /* [CP] Check Pods Manifest.lock */,
				BBF2CE041D3000620051B2D4 /* Sources */,
				BBF2CE051D3000620051B2D4 /* Frameworks */,
				BBF2CE061D3000620051B2D4 /* Resources */,
				FFE5F722F984E8B680653015 /* [CP] Embed Pods Frameworks */,
				B516B668CA3F49907BAC3585 /* [CP] Copy Pods Resources */,
			);
			buildRules = (
			);
			dependencies = (
			);
			name = tvOSSwiftTests;
			productName = tvOSSwiftTests;
			productReference = BBF2CE081D3000620051B2D4 /* tvOSSwiftTests.xctest */;
			productType = "com.apple.product-type.bundle.unit-test";
		};
/* End PBXNativeTarget section */

/* Begin PBXProject section */
		6003F582195388D10070C39A /* Project object */ = {
			isa = PBXProject;
			attributes = {
				CLASSPREFIX = SGV;
				LastSwiftUpdateCheck = 0730;
				LastUpgradeCheck = 0920;
				ORGANIZATIONNAME = "Alexander Gusev";
				TargetAttributes = {
					BB07E1E61CEF9B3C000F1535 = {
						CreatedOnToolsVersion = 7.3.1;
					};
					BBF2CDD51D2FFF700051B2D4 = {
						CreatedOnToolsVersion = 7.3.1;
					};
					BBF2CDE11D2FFFA30051B2D4 = {
						CreatedOnToolsVersion = 7.3.1;
					};
					BBF2CDFB1D3000460051B2D4 = {
						CreatedOnToolsVersion = 7.3.1;
					};
					BBF2CE071D3000620051B2D4 = {
						CreatedOnToolsVersion = 7.3.1;
					};
				};
			};
			buildConfigurationList = 6003F585195388D10070C39A /* Build configuration list for PBXProject "SuperMessagingProxyTests" */;
			compatibilityVersion = "Xcode 3.2";
			developmentRegion = English;
			hasScannedForEncodings = 0;
			knownRegions = (
				en,
				Base,
			);
			mainGroup = 6003F581195388D10070C39A;
			productRefGroup = 6003F58B195388D20070C39A /* Products */;
			projectDirPath = "";
			projectRoot = "";
			targets = (
				BB07E1E61CEF9B3C000F1535 /* OSXObjcTests */,
				BBB2A7C11D00CCD4007BC80B /* OSXSwiftTests */,
				BBF2CDD51D2FFF700051B2D4 /* iOSObjcTests */,
				BBF2CDE11D2FFFA30051B2D4 /* iOSSwiftTests */,
				BBF2CDFB1D3000460051B2D4 /* tvOSObjcTests */,
				BBF2CE071D3000620051B2D4 /* tvOSSwiftTests */,
			);
		};
/* End PBXProject section */

/* Begin PBXResourcesBuildPhase section */
		BB07E1E51CEF9B3C000F1535 /* Resources */ = {
			isa = PBXResourcesBuildPhase;
			buildActionMask = 2147483647;
			files = (
			);
			runOnlyForDeploymentPostprocessing = 0;
		};
		BBB2A7D11D00CCD4007BC80B /* Resources */ = {
			isa = PBXResourcesBuildPhase;
			buildActionMask = 2147483647;
			files = (
			);
			runOnlyForDeploymentPostprocessing = 0;
		};
		BBF2CDD41D2FFF700051B2D4 /* Resources */ = {
			isa = PBXResourcesBuildPhase;
			buildActionMask = 2147483647;
			files = (
			);
			runOnlyForDeploymentPostprocessing = 0;
		};
		BBF2CDE01D2FFFA30051B2D4 /* Resources */ = {
			isa = PBXResourcesBuildPhase;
			buildActionMask = 2147483647;
			files = (
			);
			runOnlyForDeploymentPostprocessing = 0;
		};
		BBF2CDFA1D3000460051B2D4 /* Resources */ = {
			isa = PBXResourcesBuildPhase;
			buildActionMask = 2147483647;
			files = (
			);
			runOnlyForDeploymentPostprocessing = 0;
		};
		BBF2CE061D3000620051B2D4 /* Resources */ = {
			isa = PBXResourcesBuildPhase;
			buildActionMask = 2147483647;
			files = (
			);
			runOnlyForDeploymentPostprocessing = 0;
		};
/* End PBXResourcesBuildPhase section */

/* Begin PBXShellScriptBuildPhase section */
		0BB52B2C1EAE420AF94FA4F5 /* [CP] Embed Pods Frameworks */ = {
			isa = PBXShellScriptBuildPhase;
			buildActionMask = 2147483647;
			files = (
			);
			inputPaths = (
				"${SRCROOT}/Pods/Target Support Files/Pods-ObjcTests-OSXObjcTests/Pods-ObjcTests-OSXObjcTests-frameworks.sh",
				"${BUILT_PRODUCTS_DIR}/SGVSuperMessagingProxy-Common-Objective-C-macOS/SGVSuperMessagingProxy.framework",
			);
			name = "[CP] Embed Pods Frameworks";
			outputPaths = (
				"${TARGET_BUILD_DIR}/${FRAMEWORKS_FOLDER_PATH}/SGVSuperMessagingProxy.framework",
			);
			runOnlyForDeploymentPostprocessing = 0;
			shellPath = /bin/sh;
			shellScript = "\"${SRCROOT}/Pods/Target Support Files/Pods-ObjcTests-OSXObjcTests/Pods-ObjcTests-OSXObjcTests-frameworks.sh\"\n";
			showEnvVarsInLog = 0;
		};
		1791EF27904E5A8C291418E9 /* [CP] Check Pods Manifest.lock */ = {
			isa = PBXShellScriptBuildPhase;
			buildActionMask = 2147483647;
			files = (
			);
			inputPaths = (
				"${PODS_PODFILE_DIR_PATH}/Podfile.lock",
				"${PODS_ROOT}/Manifest.lock",
			);
			name = "[CP] Check Pods Manifest.lock";
			outputPaths = (
				"$(DERIVED_FILE_DIR)/Pods-SwiftTests-tvOSSwiftTests-checkManifestLockResult.txt",
			);
			runOnlyForDeploymentPostprocessing = 0;
			shellPath = /bin/sh;
			shellScript = "diff \"${PODS_PODFILE_DIR_PATH}/Podfile.lock\" \"${PODS_ROOT}/Manifest.lock\" > /dev/null\nif [ $? != 0 ] ; then\n    # print error to STDERR\n    echo \"error: The sandbox is not in sync with the Podfile.lock. Run 'pod install' or update your CocoaPods installation.\" >&2\n    exit 1\nfi\n# This output is used by Xcode 'outputs' to avoid re-running this script phase.\necho \"SUCCESS\" > \"${SCRIPT_OUTPUT_FILE_0}\"\n";
			showEnvVarsInLog = 0;
		};
		24F76DCFA5D28950E5ABDC49 /* [CP] Embed Pods Frameworks */ = {
			isa = PBXShellScriptBuildPhase;
			buildActionMask = 2147483647;
			files = (
			);
			inputPaths = (
				"${SRCROOT}/Pods/Target Support Files/Pods-SwiftTests-iOSSwiftTests/Pods-SwiftTests-iOSSwiftTests-frameworks.sh",
				"${BUILT_PRODUCTS_DIR}/SGVSuperMessagingProxy-Common-Swift-iOS/SGVSuperMessagingProxy.framework",
			);
			name = "[CP] Embed Pods Frameworks";
			outputPaths = (
				"${TARGET_BUILD_DIR}/${FRAMEWORKS_FOLDER_PATH}/SGVSuperMessagingProxy.framework",
			);
			runOnlyForDeploymentPostprocessing = 0;
			shellPath = /bin/sh;
			shellScript = "\"${SRCROOT}/Pods/Target Support Files/Pods-SwiftTests-iOSSwiftTests/Pods-SwiftTests-iOSSwiftTests-frameworks.sh\"\n";
			showEnvVarsInLog = 0;
		};
		2B062C1D05C3C71331E5E499 /* [CP] Copy Pods Resources */ = {
			isa = PBXShellScriptBuildPhase;
			buildActionMask = 2147483647;
			files = (
			);
			inputPaths = (
			);
			name = "[CP] Copy Pods Resources";
			outputPaths = (
			);
			runOnlyForDeploymentPostprocessing = 0;
			shellPath = /bin/sh;
			shellScript = "\"${SRCROOT}/Pods/Target Support Files/Pods-ObjcTests-tvOSObjcTests/Pods-ObjcTests-tvOSObjcTests-resources.sh\"\n";
			showEnvVarsInLog = 0;
		};
		2E8979885FF0F5D40BC0F2D6 /* [CP] Check Pods Manifest.lock */ = {
			isa = PBXShellScriptBuildPhase;
			buildActionMask = 2147483647;
			files = (
			);
			inputPaths = (
				"${PODS_PODFILE_DIR_PATH}/Podfile.lock",
				"${PODS_ROOT}/Manifest.lock",
			);
			name = "[CP] Check Pods Manifest.lock";
			outputPaths = (
				"$(DERIVED_FILE_DIR)/Pods-ObjcTests-tvOSObjcTests-checkManifestLockResult.txt",
			);
			runOnlyForDeploymentPostprocessing = 0;
			shellPath = /bin/sh;
			shellScript = "diff \"${PODS_PODFILE_DIR_PATH}/Podfile.lock\" \"${PODS_ROOT}/Manifest.lock\" > /dev/null\nif [ $? != 0 ] ; then\n    # print error to STDERR\n    echo \"error: The sandbox is not in sync with the Podfile.lock. Run 'pod install' or update your CocoaPods installation.\" >&2\n    exit 1\nfi\n# This output is used by Xcode 'outputs' to avoid re-running this script phase.\necho \"SUCCESS\" > \"${SCRIPT_OUTPUT_FILE_0}\"\n";
			showEnvVarsInLog = 0;
		};
		5FBEFE95DD0B624A145D1185 /* [CP] Check Pods Manifest.lock */ = {
			isa = PBXShellScriptBuildPhase;
			buildActionMask = 2147483647;
			files = (
			);
			inputPaths = (
				"${PODS_PODFILE_DIR_PATH}/Podfile.lock",
				"${PODS_ROOT}/Manifest.lock",
			);
			name = "[CP] Check Pods Manifest.lock";
			outputPaths = (
				"$(DERIVED_FILE_DIR)/Pods-ObjcTests-OSXObjcTests-checkManifestLockResult.txt",
			);
			runOnlyForDeploymentPostprocessing = 0;
			shellPath = /bin/sh;
			shellScript = "diff \"${PODS_PODFILE_DIR_PATH}/Podfile.lock\" \"${PODS_ROOT}/Manifest.lock\" > /dev/null\nif [ $? != 0 ] ; then\n    # print error to STDERR\n    echo \"error: The sandbox is not in sync with the Podfile.lock. Run 'pod install' or update your CocoaPods installation.\" >&2\n    exit 1\nfi\n# This output is used by Xcode 'outputs' to avoid re-running this script phase.\necho \"SUCCESS\" > \"${SCRIPT_OUTPUT_FILE_0}\"\n";
			showEnvVarsInLog = 0;
		};
		8C5D7422B6EEB530563812D8 /* [CP] Copy Pods Resources */ = {
			isa = PBXShellScriptBuildPhase;
			buildActionMask = 2147483647;
			files = (
			);
			inputPaths = (
			);
			name = "[CP] Copy Pods Resources";
			outputPaths = (
			);
			runOnlyForDeploymentPostprocessing = 0;
			shellPath = /bin/sh;
			shellScript = "\"${SRCROOT}/Pods/Target Support Files/Pods-ObjcTests-OSXObjcTests/Pods-ObjcTests-OSXObjcTests-resources.sh\"\n";
			showEnvVarsInLog = 0;
		};
		96DAAA014E1EC94B2A42F651 /* [CP] Copy Pods Resources */ = {
			isa = PBXShellScriptBuildPhase;
			buildActionMask = 2147483647;
			files = (
			);
			inputPaths = (
			);
			name = "[CP] Copy Pods Resources";
			outputPaths = (
			);
			runOnlyForDeploymentPostprocessing = 0;
			shellPath = /bin/sh;
			shellScript = "\"${SRCROOT}/Pods/Target Support Files/Pods-ObjcTests-iOSObjcTests/Pods-ObjcTests-iOSObjcTests-resources.sh\"\n";
			showEnvVarsInLog = 0;
		};
		9A6DB8538B3E4C0DAD86EBAC /* [CP] Copy Pods Resources */ = {
			isa = PBXShellScriptBuildPhase;
			buildActionMask = 2147483647;
			files = (
			);
			inputPaths = (
			);
			name = "[CP] Copy Pods Resources";
			outputPaths = (
			);
			runOnlyForDeploymentPostprocessing = 0;
			shellPath = /bin/sh;
			shellScript = "\"${SRCROOT}/Pods/Target Support Files/Pods-SwiftTests-iOSSwiftTests/Pods-SwiftTests-iOSSwiftTests-resources.sh\"\n";
			showEnvVarsInLog = 0;
		};
		A23409AA4C1DA0270F3C72A0 /* [CP] Check Pods Manifest.lock */ = {
			isa = PBXShellScriptBuildPhase;
			buildActionMask = 2147483647;
			files = (
			);
			inputPaths = (
				"${PODS_PODFILE_DIR_PATH}/Podfile.lock",
				"${PODS_ROOT}/Manifest.lock",
			);
			name = "[CP] Check Pods Manifest.lock";
			outputPaths = (
				"$(DERIVED_FILE_DIR)/Pods-ObjcTests-iOSObjcTests-checkManifestLockResult.txt",
			);
			runOnlyForDeploymentPostprocessing = 0;
			shellPath = /bin/sh;
			shellScript = "diff \"${PODS_PODFILE_DIR_PATH}/Podfile.lock\" \"${PODS_ROOT}/Manifest.lock\" > /dev/null\nif [ $? != 0 ] ; then\n    # print error to STDERR\n    echo \"error: The sandbox is not in sync with the Podfile.lock. Run 'pod install' or update your CocoaPods installation.\" >&2\n    exit 1\nfi\n# This output is used by Xcode 'outputs' to avoid re-running this script phase.\necho \"SUCCESS\" > \"${SCRIPT_OUTPUT_FILE_0}\"\n";
			showEnvVarsInLog = 0;
		};
		AEA2EEACF029CF320D6141E0 /* [CP] Embed Pods Frameworks */ = {
			isa = PBXShellScriptBuildPhase;
			buildActionMask = 2147483647;
			files = (
			);
			inputPaths = (
				"${SRCROOT}/Pods/Target Support Files/Pods-ObjcTests-tvOSObjcTests/Pods-ObjcTests-tvOSObjcTests-frameworks.sh",
				"${BUILT_PRODUCTS_DIR}/SGVSuperMessagingProxy-Common-Objective-C-tvOS/SGVSuperMessagingProxy.framework",
			);
			name = "[CP] Embed Pods Frameworks";
			outputPaths = (
				"${TARGET_BUILD_DIR}/${FRAMEWORKS_FOLDER_PATH}/SGVSuperMessagingProxy.framework",
			);
			runOnlyForDeploymentPostprocessing = 0;
			shellPath = /bin/sh;
			shellScript = "\"${SRCROOT}/Pods/Target Support Files/Pods-ObjcTests-tvOSObjcTests/Pods-ObjcTests-tvOSObjcTests-frameworks.sh\"\n";
			showEnvVarsInLog = 0;
		};
		B516B668CA3F49907BAC3585 /* [CP] Copy Pods Resources */ = {
			isa = PBXShellScriptBuildPhase;
			buildActionMask = 2147483647;
			files = (
			);
			inputPaths = (
			);
			name = "[CP] Copy Pods Resources";
			outputPaths = (
			);
			runOnlyForDeploymentPostprocessing = 0;
			shellPath = /bin/sh;
			shellScript = "\"${SRCROOT}/Pods/Target Support Files/Pods-SwiftTests-tvOSSwiftTests/Pods-SwiftTests-tvOSSwiftTests-resources.sh\"\n";
			showEnvVarsInLog = 0;
		};
		BBB2A7C21D00CCD4007BC80B /* [CP] Check Pods Manifest.lock */ = {
			isa = PBXShellScriptBuildPhase;
			buildActionMask = 2147483647;
			files = (
			);
			inputPaths = (
				"${PODS_PODFILE_DIR_PATH}/Podfile.lock",
				"${PODS_ROOT}/Manifest.lock",
			);
			name = "[CP] Check Pods Manifest.lock";
			outputPaths = (
				"$(DERIVED_FILE_DIR)/Pods-SwiftTests-OSXSwiftTests-checkManifestLockResult.txt",
			);
			runOnlyForDeploymentPostprocessing = 0;
			shellPath = /bin/sh;
			shellScript = "diff \"${PODS_PODFILE_DIR_PATH}/Podfile.lock\" \"${PODS_ROOT}/Manifest.lock\" > /dev/null\nif [ $? != 0 ] ; then\n    # print error to STDERR\n    echo \"error: The sandbox is not in sync with the Podfile.lock. Run 'pod install' or update your CocoaPods installation.\" >&2\n    exit 1\nfi\n# This output is used by Xcode 'outputs' to avoid re-running this script phase.\necho \"SUCCESS\" > \"${SCRIPT_OUTPUT_FILE_0}\"\n";
			showEnvVarsInLog = 0;
		};
		BBB2A7D21D00CCD4007BC80B /* [CP] Embed Pods Frameworks */ = {
			isa = PBXShellScriptBuildPhase;
			buildActionMask = 2147483647;
			files = (
			);
			inputPaths = (
				"${SRCROOT}/Pods/Target Support Files/Pods-SwiftTests-OSXSwiftTests/Pods-SwiftTests-OSXSwiftTests-frameworks.sh",
				"${BUILT_PRODUCTS_DIR}/SGVSuperMessagingProxy-Common-Swift-macOS/SGVSuperMessagingProxy.framework",
			);
			name = "[CP] Embed Pods Frameworks";
			outputPaths = (
				"${TARGET_BUILD_DIR}/${FRAMEWORKS_FOLDER_PATH}/SGVSuperMessagingProxy.framework",
			);
			runOnlyForDeploymentPostprocessing = 0;
			shellPath = /bin/sh;
			shellScript = "\"${SRCROOT}/Pods/Target Support Files/Pods-SwiftTests-OSXSwiftTests/Pods-SwiftTests-OSXSwiftTests-frameworks.sh\"\n";
			showEnvVarsInLog = 0;
		};
		BBB2A7D31D00CCD4007BC80B /* [CP] Copy Pods Resources */ = {
			isa = PBXShellScriptBuildPhase;
			buildActionMask = 2147483647;
			files = (
			);
			inputPaths = (
			);
			name = "[CP] Copy Pods Resources";
			outputPaths = (
			);
			runOnlyForDeploymentPostprocessing = 0;
			shellPath = /bin/sh;
			shellScript = "\"${SRCROOT}/Pods/Target Support Files/Pods-SwiftTests-OSXSwiftTests/Pods-SwiftTests-OSXSwiftTests-resources.sh\"\n";
			showEnvVarsInLog = 0;
		};
		C9CE78D54C5096A853E145B2 /* [CP] Embed Pods Frameworks */ = {
			isa = PBXShellScriptBuildPhase;
			buildActionMask = 2147483647;
			files = (
			);
			inputPaths = (
				"${SRCROOT}/Pods/Target Support Files/Pods-ObjcTests-iOSObjcTests/Pods-ObjcTests-iOSObjcTests-frameworks.sh",
				"${BUILT_PRODUCTS_DIR}/SGVSuperMessagingProxy-Common-Objective-C-iOS/SGVSuperMessagingProxy.framework",
			);
			name = "[CP] Embed Pods Frameworks";
			outputPaths = (
				"${TARGET_BUILD_DIR}/${FRAMEWORKS_FOLDER_PATH}/SGVSuperMessagingProxy.framework",
			);
			runOnlyForDeploymentPostprocessing = 0;
			shellPath = /bin/sh;
			shellScript = "\"${SRCROOT}/Pods/Target Support Files/Pods-ObjcTests-iOSObjcTests/Pods-ObjcTests-iOSObjcTests-frameworks.sh\"\n";
			showEnvVarsInLog = 0;
		};
		EC2BC3E3A0D0651ABEBDEB81 /* [CP] Check Pods Manifest.lock */ = {
			isa = PBXShellScriptBuildPhase;
			buildActionMask = 2147483647;
			files = (
			);
			inputPaths = (
				"${PODS_PODFILE_DIR_PATH}/Podfile.lock",
				"${PODS_ROOT}/Manifest.lock",
			);
			name = "[CP] Check Pods Manifest.lock";
			outputPaths = (
				"$(DERIVED_FILE_DIR)/Pods-SwiftTests-iOSSwiftTests-checkManifestLockResult.txt",
			);
			runOnlyForDeploymentPostprocessing = 0;
			shellPath = /bin/sh;
			shellScript = "diff \"${PODS_PODFILE_DIR_PATH}/Podfile.lock\" \"${PODS_ROOT}/Manifest.lock\" > /dev/null\nif [ $? != 0 ] ; then\n    # print error to STDERR\n    echo \"error: The sandbox is not in sync with the Podfile.lock. Run 'pod install' or update your CocoaPods installation.\" >&2\n    exit 1\nfi\n# This output is used by Xcode 'outputs' to avoid re-running this script phase.\necho \"SUCCESS\" > \"${SCRIPT_OUTPUT_FILE_0}\"\n";
			showEnvVarsInLog = 0;
		};
		FFE5F722F984E8B680653015 /* [CP] Embed Pods Frameworks */ = {
			isa = PBXShellScriptBuildPhase;
			buildActionMask = 2147483647;
			files = (
			);
			inputPaths = (
				"${SRCROOT}/Pods/Target Support Files/Pods-SwiftTests-tvOSSwiftTests/Pods-SwiftTests-tvOSSwiftTests-frameworks.sh",
				"${BUILT_PRODUCTS_DIR}/SGVSuperMessagingProxy-Common-Swift-tvOS/SGVSuperMessagingProxy.framework",
			);
			name = "[CP] Embed Pods Frameworks";
			outputPaths = (
				"${TARGET_BUILD_DIR}/${FRAMEWORKS_FOLDER_PATH}/SGVSuperMessagingProxy.framework",
			);
			runOnlyForDeploymentPostprocessing = 0;
			shellPath = /bin/sh;
			shellScript = "\"${SRCROOT}/Pods/Target Support Files/Pods-SwiftTests-tvOSSwiftTests/Pods-SwiftTests-tvOSSwiftTests-frameworks.sh\"\n";
			showEnvVarsInLog = 0;
		};
/* End PBXShellScriptBuildPhase section */

/* Begin PBXSourcesBuildPhase section */
		BB07E1E31CEF9B3C000F1535 /* Sources */ = {
			isa = PBXSourcesBuildPhase;
			buildActionMask = 2147483647;
			files = (
				BBF0D7AC1CEFB5DE00871E67 /* SGVSuperMessagingProxyTests.m in Sources */,
				BBF0D7AF1CEFB88000871E67 /* Cat.m in Sources */,
				BBF0D7B21CEFBD1200871E67 /* NyanCat.m in Sources */,
				BBF0D7B51CEFBDBF00871E67 /* NyanNyanCat.m in Sources */,
			);
			runOnlyForDeploymentPostprocessing = 0;
		};
		BBB2A7C31D00CCD4007BC80B /* Sources */ = {
			isa = PBXSourcesBuildPhase;
			buildActionMask = 2147483647;
			files = (
				BBB2A7C41D00CCD4007BC80B /* NyanCat.swift in Sources */,
				BBB2A7C51D00CCD4007BC80B /* ObjcCat.swift in Sources */,
				BBB2A7C61D00CCD4007BC80B /* ObjcNyanCat.swift in Sources */,
				BBB2A7CA1D00CCD4007BC80B /* Cat.swift in Sources */,
				BBB2A7CB1D00CCD4007BC80B /* ObjcNyanNyanCat.swift in Sources */,
				BBB2A7CC1D00CCD4007BC80B /* SuperMessagingProxyTests.swift in Sources */,
				BBB2A7CD1D00CCD4007BC80B /* NyanNyanCat.swift in Sources */,
			);
			runOnlyForDeploymentPostprocessing = 0;
		};
		BBF2CDD21D2FFF700051B2D4 /* Sources */ = {
			isa = PBXSourcesBuildPhase;
			buildActionMask = 2147483647;
			files = (
				BBF2CDEB1D2FFFEF0051B2D4 /* Cat.m in Sources */,
				BBF2CDED1D2FFFEF0051B2D4 /* NyanCat.m in Sources */,
				BBF2CDEF1D2FFFEF0051B2D4 /* NyanNyanCat.m in Sources */,
				BBF2CDF01D2FFFEF0051B2D4 /* SGVSuperMessagingProxyTests.m in Sources */,
			);
			runOnlyForDeploymentPostprocessing = 0;
		};
		BBF2CDDE1D2FFFA30051B2D4 /* Sources */ = {
			isa = PBXSourcesBuildPhase;
			buildActionMask = 2147483647;
			files = (
				BBF2CDF11D30000A0051B2D4 /* Cat.swift in Sources */,
				BBF2CDF21D30000A0051B2D4 /* NyanCat.swift in Sources */,
				BBF2CDF31D30000A0051B2D4 /* NyanNyanCat.swift in Sources */,
				BBF2CDF41D30000A0051B2D4 /* ObjcCat.swift in Sources */,
				BBF2CDF51D30000A0051B2D4 /* ObjcNyanCat.swift in Sources */,
				BBF2CDF61D30000A0051B2D4 /* ObjcNyanNyanCat.swift in Sources */,
				BBF2CDF71D30000A0051B2D4 /* SuperMessagingProxyTests.swift in Sources */,
			);
			runOnlyForDeploymentPostprocessing = 0;
		};
		BBF2CDF81D3000460051B2D4 /* Sources */ = {
			isa = PBXSourcesBuildPhase;
			buildActionMask = 2147483647;
			files = (
				BBF2CE101D3000900051B2D4 /* Cat.m in Sources */,
				BBF2CE111D3000900051B2D4 /* NyanCat.m in Sources */,
				BBF2CE121D3000900051B2D4 /* NyanNyanCat.m in Sources */,
				BBF2CE131D3000900051B2D4 /* SGVSuperMessagingProxyTests.m in Sources */,
			);
			runOnlyForDeploymentPostprocessing = 0;
		};
		BBF2CE041D3000620051B2D4 /* Sources */ = {
			isa = PBXSourcesBuildPhase;
			buildActionMask = 2147483647;
			files = (
				BBF2CE141D3000960051B2D4 /* Cat.swift in Sources */,
				BBF2CE151D3000960051B2D4 /* NyanCat.swift in Sources */,
				BBF2CE161D3000960051B2D4 /* NyanNyanCat.swift in Sources */,
				BBF2CE171D3000960051B2D4 /* ObjcCat.swift in Sources */,
				BBF2CE181D3000960051B2D4 /* ObjcNyanCat.swift in Sources */,
				BBF2CE191D3000960051B2D4 /* ObjcNyanNyanCat.swift in Sources */,
				BBF2CE1A1D3000960051B2D4 /* SuperMessagingProxyTests.swift in Sources */,
			);
			runOnlyForDeploymentPostprocessing = 0;
		};
/* End PBXSourcesBuildPhase section */

/* Begin XCBuildConfiguration section */
		6003F5BD195388D20070C39A /* Debug */ = {
			isa = XCBuildConfiguration;
			buildSettings = {
				ALWAYS_SEARCH_USER_PATHS = NO;
				CLANG_CXX_LANGUAGE_STANDARD = "gnu++0x";
				CLANG_CXX_LIBRARY = "libc++";
				CLANG_ENABLE_MODULES = YES;
				CLANG_ENABLE_OBJC_ARC = YES;
				CLANG_WARN_BLOCK_CAPTURE_AUTORELEASING = YES;
				CLANG_WARN_BOOL_CONVERSION = YES;
				CLANG_WARN_COMMA = YES;
				CLANG_WARN_CONSTANT_CONVERSION = YES;
				CLANG_WARN_DIRECT_OBJC_ISA_USAGE = YES_ERROR;
				CLANG_WARN_EMPTY_BODY = YES;
				CLANG_WARN_ENUM_CONVERSION = YES;
				CLANG_WARN_INFINITE_RECURSION = YES;
				CLANG_WARN_INT_CONVERSION = YES;
				CLANG_WARN_NON_LITERAL_NULL_CONVERSION = YES;
				CLANG_WARN_OBJC_LITERAL_CONVERSION = YES;
				CLANG_WARN_OBJC_ROOT_CLASS = YES_ERROR;
				CLANG_WARN_RANGE_LOOP_ANALYSIS = YES;
				CLANG_WARN_STRICT_PROTOTYPES = YES;
				CLANG_WARN_SUSPICIOUS_MOVE = YES;
				CLANG_WARN_UNREACHABLE_CODE = YES;
				CLANG_WARN__DUPLICATE_METHOD_MATCH = YES;
				COPY_PHASE_STRIP = NO;
				DEFINES_MODULE = YES;
				ENABLE_STRICT_OBJC_MSGSEND = YES;
				ENABLE_TESTABILITY = YES;
				GCC_C_LANGUAGE_STANDARD = gnu99;
				GCC_DYNAMIC_NO_PIC = NO;
				GCC_NO_COMMON_BLOCKS = YES;
				GCC_OPTIMIZATION_LEVEL = 0;
				GCC_PREPROCESSOR_DEFINITIONS = (
					"DEBUG=1",
					"$(inherited)",
				);
				GCC_SYMBOLS_PRIVATE_EXTERN = NO;
				GCC_WARN_64_TO_32_BIT_CONVERSION = YES;
				GCC_WARN_ABOUT_RETURN_TYPE = YES_ERROR;
				GCC_WARN_UNDECLARED_SELECTOR = YES;
				GCC_WARN_UNINITIALIZED_AUTOS = YES_AGGRESSIVE;
				GCC_WARN_UNUSED_FUNCTION = YES;
				GCC_WARN_UNUSED_VARIABLE = YES;
				IPHONEOS_DEPLOYMENT_TARGET = 8.0;
				ONLY_ACTIVE_ARCH = YES;
				SDKROOT = iphoneos;
				SWIFT_OPTIMIZATION_LEVEL = "-Onone";
				SWIFT_VERSION = 4.0;
				TARGETED_DEVICE_FAMILY = "1,2";
			};
			name = Debug;
		};
		6003F5BE195388D20070C39A /* Release */ = {
			isa = XCBuildConfiguration;
			buildSettings = {
				ALWAYS_SEARCH_USER_PATHS = NO;
				CLANG_CXX_LANGUAGE_STANDARD = "gnu++0x";
				CLANG_CXX_LIBRARY = "libc++";
				CLANG_ENABLE_MODULES = YES;
				CLANG_ENABLE_OBJC_ARC = YES;
				CLANG_WARN_BLOCK_CAPTURE_AUTORELEASING = YES;
				CLANG_WARN_BOOL_CONVERSION = YES;
				CLANG_WARN_COMMA = YES;
				CLANG_WARN_CONSTANT_CONVERSION = YES;
				CLANG_WARN_DIRECT_OBJC_ISA_USAGE = YES_ERROR;
				CLANG_WARN_EMPTY_BODY = YES;
				CLANG_WARN_ENUM_CONVERSION = YES;
				CLANG_WARN_INFINITE_RECURSION = YES;
				CLANG_WARN_INT_CONVERSION = YES;
				CLANG_WARN_NON_LITERAL_NULL_CONVERSION = YES;
				CLANG_WARN_OBJC_LITERAL_CONVERSION = YES;
				CLANG_WARN_OBJC_ROOT_CLASS = YES_ERROR;
				CLANG_WARN_RANGE_LOOP_ANALYSIS = YES;
				CLANG_WARN_STRICT_PROTOTYPES = YES;
				CLANG_WARN_SUSPICIOUS_MOVE = YES;
				CLANG_WARN_UNREACHABLE_CODE = YES;
				CLANG_WARN__DUPLICATE_METHOD_MATCH = YES;
				COPY_PHASE_STRIP = YES;
				DEFINES_MODULE = YES;
				ENABLE_NS_ASSERTIONS = NO;
				ENABLE_STRICT_OBJC_MSGSEND = YES;
				GCC_C_LANGUAGE_STANDARD = gnu99;
				GCC_NO_COMMON_BLOCKS = YES;
				GCC_WARN_64_TO_32_BIT_CONVERSION = YES;
				GCC_WARN_ABOUT_RETURN_TYPE = YES_ERROR;
				GCC_WARN_UNDECLARED_SELECTOR = YES;
				GCC_WARN_UNINITIALIZED_AUTOS = YES_AGGRESSIVE;
				GCC_WARN_UNUSED_FUNCTION = YES;
				GCC_WARN_UNUSED_VARIABLE = YES;
				IPHONEOS_DEPLOYMENT_TARGET = 8.0;
				SDKROOT = iphoneos;
				SWIFT_OPTIMIZATION_LEVEL = "-Owholemodule";
				SWIFT_VERSION = 4.0;
				TARGETED_DEVICE_FAMILY = "1,2";
				VALIDATE_PRODUCT = YES;
			};
			name = Release;
		};
		BB07E1EC1CEF9B3C000F1535 /* Debug */ = {
			isa = XCBuildConfiguration;
			baseConfigurationReference = CCD03A9196103C3597B42ED5 /* Pods-ObjcTests-OSXObjcTests.debug.xcconfig */;
			buildSettings = {
				CLANG_ANALYZER_NONNULL = YES;
				CLANG_ENABLE_MODULES = YES;
				CLANG_WARN_UNREACHABLE_CODE = YES;
				CODE_SIGN_IDENTITY = "-";
				COMBINE_HIDPI_IMAGES = YES;
				DEBUG_INFORMATION_FORMAT = dwarf;
				ENABLE_STRICT_OBJC_MSGSEND = YES;
				GCC_NO_COMMON_BLOCKS = YES;
				INFOPLIST_FILE = Tests/Info.plist;
				LD_RUNPATH_SEARCH_PATHS = "$(inherited) @executable_path/../Frameworks @loader_path/../Frameworks";
				MACOSX_DEPLOYMENT_TARGET = 10.11;
				MTL_ENABLE_DEBUG_INFO = YES;
				PRODUCT_BUNDLE_IDENTIFIER = com.sanekgusev.OSXObjcTests;
				PRODUCT_NAME = "$(TARGET_NAME)";
				SDKROOT = macosx;
				SWIFT_OPTIMIZATION_LEVEL = "-Onone";
			};
			name = Debug;
		};
		BB07E1ED1CEF9B3C000F1535 /* Release */ = {
			isa = XCBuildConfiguration;
			baseConfigurationReference = 156D4D9F774ACA1FE3FEB792 /* Pods-ObjcTests-OSXObjcTests.release.xcconfig */;
			buildSettings = {
				CLANG_ANALYZER_NONNULL = YES;
				CLANG_ENABLE_MODULES = YES;
				CLANG_WARN_UNREACHABLE_CODE = YES;
				CODE_SIGN_IDENTITY = "-";
				COMBINE_HIDPI_IMAGES = YES;
				COPY_PHASE_STRIP = NO;
				DEBUG_INFORMATION_FORMAT = "dwarf-with-dsym";
				ENABLE_STRICT_OBJC_MSGSEND = YES;
				GCC_NO_COMMON_BLOCKS = YES;
				INFOPLIST_FILE = Tests/Info.plist;
				LD_RUNPATH_SEARCH_PATHS = "$(inherited) @executable_path/../Frameworks @loader_path/../Frameworks";
				MACOSX_DEPLOYMENT_TARGET = 10.11;
				MTL_ENABLE_DEBUG_INFO = NO;
				PRODUCT_BUNDLE_IDENTIFIER = com.sanekgusev.OSXObjcTests;
				PRODUCT_NAME = "$(TARGET_NAME)";
				SDKROOT = macosx;
			};
			name = Release;
		};
		BBB2A7D51D00CCD4007BC80B /* Debug */ = {
			isa = XCBuildConfiguration;
			baseConfigurationReference = 75A18BE7D78CB1B90A3413FD /* Pods-SwiftTests-OSXSwiftTests.debug.xcconfig */;
			buildSettings = {
				CLANG_ANALYZER_NONNULL = YES;
				CLANG_ENABLE_MODULES = YES;
				CLANG_WARN_UNREACHABLE_CODE = YES;
				CODE_SIGN_IDENTITY = "-";
				COMBINE_HIDPI_IMAGES = YES;
				DEBUG_INFORMATION_FORMAT = dwarf;
				ENABLE_STRICT_OBJC_MSGSEND = YES;
				GCC_NO_COMMON_BLOCKS = YES;
				INFOPLIST_FILE = Tests/Info.plist;
				LD_RUNPATH_SEARCH_PATHS = "$(inherited) @executable_path/../Frameworks @loader_path/../Frameworks";
				MACOSX_DEPLOYMENT_TARGET = 10.11;
				MTL_ENABLE_DEBUG_INFO = YES;
				PRODUCT_BUNDLE_IDENTIFIER = com.sanekgusev.OSXSwiftTests;
				PRODUCT_NAME = "$(TARGET_NAME)";
				SDKROOT = macosx;
				SWIFT_OPTIMIZATION_LEVEL = "-Onone";
			};
			name = Debug;
		};
		BBB2A7D61D00CCD4007BC80B /* Release */ = {
			isa = XCBuildConfiguration;
			baseConfigurationReference = D9B8BB77653C8B4930D15628 /* Pods-SwiftTests-OSXSwiftTests.release.xcconfig */;
			buildSettings = {
				CLANG_ANALYZER_NONNULL = YES;
				CLANG_ENABLE_MODULES = YES;
				CLANG_WARN_UNREACHABLE_CODE = YES;
				CODE_SIGN_IDENTITY = "-";
				COMBINE_HIDPI_IMAGES = YES;
				COPY_PHASE_STRIP = NO;
				DEBUG_INFORMATION_FORMAT = "dwarf-with-dsym";
				ENABLE_STRICT_OBJC_MSGSEND = YES;
				GCC_NO_COMMON_BLOCKS = YES;
				INFOPLIST_FILE = Tests/Info.plist;
				LD_RUNPATH_SEARCH_PATHS = "$(inherited) @executable_path/../Frameworks @loader_path/../Frameworks";
				MACOSX_DEPLOYMENT_TARGET = 10.11;
				MTL_ENABLE_DEBUG_INFO = NO;
				PRODUCT_BUNDLE_IDENTIFIER = com.sanekgusev.OSXSwiftTests;
				PRODUCT_NAME = "$(TARGET_NAME)";
				SDKROOT = macosx;
			};
			name = Release;
		};
		BBF2CDDC1D2FFF700051B2D4 /* Debug */ = {
			isa = XCBuildConfiguration;
			baseConfigurationReference = C9806476EFD2513B304478B0 /* Pods-ObjcTests-iOSObjcTests.debug.xcconfig */;
			buildSettings = {
				CLANG_ANALYZER_NONNULL = YES;
				CLANG_WARN_UNREACHABLE_CODE = YES;
				"CODE_SIGN_IDENTITY[sdk=iphoneos*]" = "iPhone Developer";
				DEBUG_INFORMATION_FORMAT = dwarf;
				ENABLE_STRICT_OBJC_MSGSEND = YES;
				GCC_NO_COMMON_BLOCKS = YES;
				INFOPLIST_FILE = Tests/Info.plist;
				IPHONEOS_DEPLOYMENT_TARGET = 9.0;
				LD_RUNPATH_SEARCH_PATHS = "$(inherited) @executable_path/Frameworks @loader_path/Frameworks";
				MTL_ENABLE_DEBUG_INFO = YES;
				PRODUCT_BUNDLE_IDENTIFIER = com.sanekgusev.iOSObjcTests;
				PRODUCT_NAME = "$(TARGET_NAME)";
			};
			name = Debug;
		};
		BBF2CDDD1D2FFF700051B2D4 /* Release */ = {
			isa = XCBuildConfiguration;
			baseConfigurationReference = 580D49683003078C03AAAE03 /* Pods-ObjcTests-iOSObjcTests.release.xcconfig */;
			buildSettings = {
				CLANG_ANALYZER_NONNULL = YES;
				CLANG_WARN_UNREACHABLE_CODE = YES;
				"CODE_SIGN_IDENTITY[sdk=iphoneos*]" = "iPhone Developer";
				COPY_PHASE_STRIP = NO;
				DEBUG_INFORMATION_FORMAT = "dwarf-with-dsym";
				ENABLE_STRICT_OBJC_MSGSEND = YES;
				GCC_NO_COMMON_BLOCKS = YES;
				INFOPLIST_FILE = Tests/Info.plist;
				IPHONEOS_DEPLOYMENT_TARGET = 9.0;
				LD_RUNPATH_SEARCH_PATHS = "$(inherited) @executable_path/Frameworks @loader_path/Frameworks";
				MTL_ENABLE_DEBUG_INFO = NO;
				PRODUCT_BUNDLE_IDENTIFIER = com.sanekgusev.iOSObjcTests;
				PRODUCT_NAME = "$(TARGET_NAME)";
			};
			name = Release;
		};
		BBF2CDE81D2FFFA40051B2D4 /* Debug */ = {
			isa = XCBuildConfiguration;
			baseConfigurationReference = B91D8FBA1441865AD37F44C1 /* Pods-SwiftTests-iOSSwiftTests.debug.xcconfig */;
			buildSettings = {
				CLANG_ANALYZER_NONNULL = YES;
				CLANG_WARN_UNREACHABLE_CODE = YES;
				"CODE_SIGN_IDENTITY[sdk=iphoneos*]" = "iPhone Developer";
				DEBUG_INFORMATION_FORMAT = dwarf;
				ENABLE_STRICT_OBJC_MSGSEND = YES;
				GCC_NO_COMMON_BLOCKS = YES;
				INFOPLIST_FILE = Tests/Info.plist;
				IPHONEOS_DEPLOYMENT_TARGET = 9.0;
				LD_RUNPATH_SEARCH_PATHS = "$(inherited) @executable_path/Frameworks @loader_path/Frameworks";
				MTL_ENABLE_DEBUG_INFO = YES;
				PRODUCT_BUNDLE_IDENTIFIER = com.sanekgusev.iOSSwiftTests;
				PRODUCT_NAME = "$(TARGET_NAME)";
			};
			name = Debug;
		};
		BBF2CDE91D2FFFA40051B2D4 /* Release */ = {
			isa = XCBuildConfiguration;
			baseConfigurationReference = 6BE1BF69099719924264FFB5 /* Pods-SwiftTests-iOSSwiftTests.release.xcconfig */;
			buildSettings = {
				CLANG_ANALYZER_NONNULL = YES;
				CLANG_WARN_UNREACHABLE_CODE = YES;
				"CODE_SIGN_IDENTITY[sdk=iphoneos*]" = "iPhone Developer";
				COPY_PHASE_STRIP = NO;
				DEBUG_INFORMATION_FORMAT = "dwarf-with-dsym";
				ENABLE_STRICT_OBJC_MSGSEND = YES;
				GCC_NO_COMMON_BLOCKS = YES;
				INFOPLIST_FILE = Tests/Info.plist;
				IPHONEOS_DEPLOYMENT_TARGET = 9.0;
				LD_RUNPATH_SEARCH_PATHS = "$(inherited) @executable_path/Frameworks @loader_path/Frameworks";
				MTL_ENABLE_DEBUG_INFO = NO;
				PRODUCT_BUNDLE_IDENTIFIER = com.sanekgusev.iOSSwiftTests;
				PRODUCT_NAME = "$(TARGET_NAME)";
			};
			name = Release;
		};
		BBF2CE021D3000460051B2D4 /* Debug */ = {
			isa = XCBuildConfiguration;
			baseConfigurationReference = BA7F56332C3FB98E5ED4FB4C /* Pods-ObjcTests-tvOSObjcTests.debug.xcconfig */;
			buildSettings = {
				CLANG_ANALYZER_NONNULL = YES;
				CLANG_WARN_UNREACHABLE_CODE = YES;
				DEBUG_INFORMATION_FORMAT = dwarf;
				ENABLE_STRICT_OBJC_MSGSEND = YES;
				GCC_NO_COMMON_BLOCKS = YES;
				INFOPLIST_FILE = Tests/Info.plist;
				LD_RUNPATH_SEARCH_PATHS = "$(inherited) @executable_path/Frameworks @loader_path/Frameworks";
				MTL_ENABLE_DEBUG_INFO = YES;
				PRODUCT_BUNDLE_IDENTIFIER = com.sanekgusev.tvOSObjcTests;
				PRODUCT_NAME = "$(TARGET_NAME)";
				SDKROOT = appletvos;
				TVOS_DEPLOYMENT_TARGET = 9.2;
			};
			name = Debug;
		};
		BBF2CE031D3000460051B2D4 /* Release */ = {
			isa = XCBuildConfiguration;
			baseConfigurationReference = 3940600CB5D002BA766736BF /* Pods-ObjcTests-tvOSObjcTests.release.xcconfig */;
			buildSettings = {
				CLANG_ANALYZER_NONNULL = YES;
				CLANG_WARN_UNREACHABLE_CODE = YES;
				COPY_PHASE_STRIP = NO;
				DEBUG_INFORMATION_FORMAT = "dwarf-with-dsym";
				ENABLE_STRICT_OBJC_MSGSEND = YES;
				GCC_NO_COMMON_BLOCKS = YES;
				INFOPLIST_FILE = Tests/Info.plist;
				LD_RUNPATH_SEARCH_PATHS = "$(inherited) @executable_path/Frameworks @loader_path/Frameworks";
				MTL_ENABLE_DEBUG_INFO = NO;
				PRODUCT_BUNDLE_IDENTIFIER = com.sanekgusev.tvOSObjcTests;
				PRODUCT_NAME = "$(TARGET_NAME)";
				SDKROOT = appletvos;
				TVOS_DEPLOYMENT_TARGET = 9.2;
			};
			name = Release;
		};
		BBF2CE0E1D3000620051B2D4 /* Debug */ = {
			isa = XCBuildConfiguration;
			baseConfigurationReference = 2CCFE1031E3C5C1D50679EFF /* Pods-SwiftTests-tvOSSwiftTests.debug.xcconfig */;
			buildSettings = {
				CLANG_ANALYZER_NONNULL = YES;
				CLANG_WARN_UNREACHABLE_CODE = YES;
				DEBUG_INFORMATION_FORMAT = dwarf;
				ENABLE_STRICT_OBJC_MSGSEND = YES;
				GCC_NO_COMMON_BLOCKS = YES;
				INFOPLIST_FILE = Tests/Info.plist;
				LD_RUNPATH_SEARCH_PATHS = "$(inherited) @executable_path/Frameworks @loader_path/Frameworks";
				MTL_ENABLE_DEBUG_INFO = YES;
				PRODUCT_BUNDLE_IDENTIFIER = com.sanekgusev.tvOSSwiftTests;
				PRODUCT_NAME = "$(TARGET_NAME)";
				SDKROOT = appletvos;
				SWIFT_OPTIMIZATION_LEVEL = "-Onone";
				TVOS_DEPLOYMENT_TARGET = 9.2;
			};
			name = Debug;
		};
		BBF2CE0F1D3000620051B2D4 /* Release */ = {
			isa = XCBuildConfiguration;
			baseConfigurationReference = B073FC61F51ED024320CB535 /* Pods-SwiftTests-tvOSSwiftTests.release.xcconfig */;
			buildSettings = {
				CLANG_ANALYZER_NONNULL = YES;
				CLANG_WARN_UNREACHABLE_CODE = YES;
				COPY_PHASE_STRIP = NO;
				DEBUG_INFORMATION_FORMAT = "dwarf-with-dsym";
				ENABLE_STRICT_OBJC_MSGSEND = YES;
				GCC_NO_COMMON_BLOCKS = YES;
				INFOPLIST_FILE = Tests/Info.plist;
				LD_RUNPATH_SEARCH_PATHS = "$(inherited) @executable_path/Frameworks @loader_path/Frameworks";
				MTL_ENABLE_DEBUG_INFO = NO;
				PRODUCT_BUNDLE_IDENTIFIER = com.sanekgusev.tvOSSwiftTests;
				PRODUCT_NAME = "$(TARGET_NAME)";
				SDKROOT = appletvos;
				TVOS_DEPLOYMENT_TARGET = 9.2;
			};
			name = Release;
		};
/* End XCBuildConfiguration section */

/* Begin XCConfigurationList section */
		6003F585195388D10070C39A /* Build configuration list for PBXProject "SuperMessagingProxyTests" */ = {
			isa = XCConfigurationList;
			buildConfigurations = (
				6003F5BD195388D20070C39A /* Debug */,
				6003F5BE195388D20070C39A /* Release */,
			);
			defaultConfigurationIsVisible = 0;
			defaultConfigurationName = Release;
		};
		BB07E1EE1CEF9B3C000F1535 /* Build configuration list for PBXNativeTarget "OSXObjcTests" */ = {
			isa = XCConfigurationList;
			buildConfigurations = (
				BB07E1EC1CEF9B3C000F1535 /* Debug */,
				BB07E1ED1CEF9B3C000F1535 /* Release */,
			);
			defaultConfigurationIsVisible = 0;
			defaultConfigurationName = Release;
		};
		BBB2A7D41D00CCD4007BC80B /* Build configuration list for PBXNativeTarget "OSXSwiftTests" */ = {
			isa = XCConfigurationList;
			buildConfigurations = (
				BBB2A7D51D00CCD4007BC80B /* Debug */,
				BBB2A7D61D00CCD4007BC80B /* Release */,
			);
			defaultConfigurationIsVisible = 0;
			defaultConfigurationName = Release;
		};
		BBF2CDDB1D2FFF700051B2D4 /* Build configuration list for PBXNativeTarget "iOSObjcTests" */ = {
			isa = XCConfigurationList;
			buildConfigurations = (
				BBF2CDDC1D2FFF700051B2D4 /* Debug */,
				BBF2CDDD1D2FFF700051B2D4 /* Release */,
			);
			defaultConfigurationIsVisible = 0;
			defaultConfigurationName = Release;
		};
		BBF2CDE71D2FFFA40051B2D4 /* Build configuration list for PBXNativeTarget "iOSSwiftTests" */ = {
			isa = XCConfigurationList;
			buildConfigurations = (
				BBF2CDE81D2FFFA40051B2D4 /* Debug */,
				BBF2CDE91D2FFFA40051B2D4 /* Release */,
			);
			defaultConfigurationIsVisible = 0;
			defaultConfigurationName = Release;
		};
		BBF2CE011D3000460051B2D4 /* Build configuration list for PBXNativeTarget "tvOSObjcTests" */ = {
			isa = XCConfigurationList;
			buildConfigurations = (
				BBF2CE021D3000460051B2D4 /* Debug */,
				BBF2CE031D3000460051B2D4 /* Release */,
			);
			defaultConfigurationIsVisible = 0;
			defaultConfigurationName = Release;
		};
		BBF2CE0D1D3000620051B2D4 /* Build configuration list for PBXNativeTarget "tvOSSwiftTests" */ = {
			isa = XCConfigurationList;
			buildConfigurations = (
				BBF2CE0E1D3000620051B2D4 /* Debug */,
				BBF2CE0F1D3000620051B2D4 /* Release */,
			);
			defaultConfigurationIsVisible = 0;
			defaultConfigurationName = Release;
		};
/* End XCConfigurationList section */
	};
	rootObject = 6003F582195388D10070C39A /* Project object */;
}
