// !$*UTF8*$!
{
	archiveVersion = 1;
	classes = {
	};
	objectVersion = 46;
	objects = {

/* Begin PBXBuildFile section */
		73707C5B93184901F33D155F /* Pods_SuperMessagingProxyTests.framework in Frameworks */ = {isa = PBXBuildFile; fileRef = D652FD93BFCB2A7710AD9E7A /* Pods_SuperMessagingProxyTests.framework */; };
		BBF0D7A71CEFA26500871E67 /* SuperMessagingProxyTests.swift in Sources */ = {isa = PBXBuildFile; fileRef = BBF0D79F1CEFA26500871E67 /* SuperMessagingProxyTests.swift */; };
		BBF0D7A81CEFA26500871E67 /* Cat.swift in Sources */ = {isa = PBXBuildFile; fileRef = BBF0D7A11CEFA26500871E67 /* Cat.swift */; };
		BBF0D7A91CEFA26500871E67 /* NyanCat.swift in Sources */ = {isa = PBXBuildFile; fileRef = BBF0D7A21CEFA26500871E67 /* NyanCat.swift */; };
		BBF0D7AA1CEFA26500871E67 /* NyanNyanCat.swift in Sources */ = {isa = PBXBuildFile; fileRef = BBF0D7A31CEFA26500871E67 /* NyanNyanCat.swift */; };
		BBF0D7AC1CEFB5DE00871E67 /* SGVSuperMessagingProxyTests.m in Sources */ = {isa = PBXBuildFile; fileRef = BBF0D7AB1CEFB5DE00871E67 /* SGVSuperMessagingProxyTests.m */; };
		BBF0D7AF1CEFB88000871E67 /* Cat.m in Sources */ = {isa = PBXBuildFile; fileRef = BBF0D7AE1CEFB88000871E67 /* Cat.m */; };
		BBF0D7B21CEFBD1200871E67 /* NyanCat.m in Sources */ = {isa = PBXBuildFile; fileRef = BBF0D7B11CEFBD1200871E67 /* NyanCat.m */; };
		BBF0D7B51CEFBDBF00871E67 /* NyanNyanCat.m in Sources */ = {isa = PBXBuildFile; fileRef = BBF0D7B41CEFBDBF00871E67 /* NyanNyanCat.m */; };
/* End PBXBuildFile section */

/* Begin PBXFileReference section */
		1AC129F6142EE0CFD66CE88A /* README.md */ = {isa = PBXFileReference; includeInIndex = 1; lastKnownFileType = net.daringfireball.markdown; name = README.md; path = ../README.md; sourceTree = "<group>"; };
		55DAC46AA2376B464802AFE4 /* LICENSE */ = {isa = PBXFileReference; includeInIndex = 1; lastKnownFileType = text; name = LICENSE; path = ../LICENSE; sourceTree = "<group>"; };
		6003F58D195388D20070C39A /* Foundation.framework */ = {isa = PBXFileReference; lastKnownFileType = wrapper.framework; name = Foundation.framework; path = System/Library/Frameworks/Foundation.framework; sourceTree = SDKROOT; };
		68E3E6560F19DE8DA94C4919 /* Pods-SuperMessagingProxyTests.release.xcconfig */ = {isa = PBXFileReference; includeInIndex = 1; lastKnownFileType = text.xcconfig; name = "Pods-SuperMessagingProxyTests.release.xcconfig"; path = "Pods/Target Support Files/Pods-SuperMessagingProxyTests/Pods-SuperMessagingProxyTests.release.xcconfig"; sourceTree = "<group>"; };
		92EE4A6673A18E8CA6203357 /* SGVSuperMessagingProxy.podspec */ = {isa = PBXFileReference; includeInIndex = 1; lastKnownFileType = text; name = SGVSuperMessagingProxy.podspec; path = ../SGVSuperMessagingProxy.podspec; sourceTree = "<group>"; };
		BB07E1E71CEF9B3C000F1535 /* SuperMessagingProxyTests.xctest */ = {isa = PBXFileReference; explicitFileType = wrapper.cfbundle; includeInIndex = 0; path = SuperMessagingProxyTests.xctest; sourceTree = BUILT_PRODUCTS_DIR; };
		BBD9CB6F1CEE555F00B7A43E /* Info.plist */ = {isa = PBXFileReference; fileEncoding = 4; lastKnownFileType = text.plist.xml; path = Info.plist; sourceTree = "<group>"; };
		BBF0D79F1CEFA26500871E67 /* SuperMessagingProxyTests.swift */ = {isa = PBXFileReference; fileEncoding = 4; lastKnownFileType = sourcecode.swift; path = SuperMessagingProxyTests.swift; sourceTree = "<group>"; };
		BBF0D7A11CEFA26500871E67 /* Cat.swift */ = {isa = PBXFileReference; fileEncoding = 4; lastKnownFileType = sourcecode.swift; path = Cat.swift; sourceTree = "<group>"; };
		BBF0D7A21CEFA26500871E67 /* NyanCat.swift */ = {isa = PBXFileReference; fileEncoding = 4; lastKnownFileType = sourcecode.swift; path = NyanCat.swift; sourceTree = "<group>"; };
		BBF0D7A31CEFA26500871E67 /* NyanNyanCat.swift */ = {isa = PBXFileReference; fileEncoding = 4; lastKnownFileType = sourcecode.swift; path = NyanNyanCat.swift; sourceTree = "<group>"; };
		BBF0D7AB1CEFB5DE00871E67 /* SGVSuperMessagingProxyTests.m */ = {isa = PBXFileReference; fileEncoding = 4; lastKnownFileType = sourcecode.c.objc; path = SGVSuperMessagingProxyTests.m; sourceTree = "<group>"; };
		BBF0D7AD1CEFB88000871E67 /* Cat.h */ = {isa = PBXFileReference; fileEncoding = 4; lastKnownFileType = sourcecode.c.h; path = Cat.h; sourceTree = "<group>"; };
		BBF0D7AE1CEFB88000871E67 /* Cat.m */ = {isa = PBXFileReference; fileEncoding = 4; lastKnownFileType = sourcecode.c.objc; path = Cat.m; sourceTree = "<group>"; };
		BBF0D7B01CEFBD1200871E67 /* NyanCat.h */ = {isa = PBXFileReference; fileEncoding = 4; lastKnownFileType = sourcecode.c.h; path = NyanCat.h; sourceTree = "<group>"; };
		BBF0D7B11CEFBD1200871E67 /* NyanCat.m */ = {isa = PBXFileReference; fileEncoding = 4; lastKnownFileType = sourcecode.c.objc; path = NyanCat.m; sourceTree = "<group>"; };
		BBF0D7B31CEFBDBF00871E67 /* NyanNyanCat.h */ = {isa = PBXFileReference; fileEncoding = 4; lastKnownFileType = sourcecode.c.h; path = NyanNyanCat.h; sourceTree = "<group>"; };
		BBF0D7B41CEFBDBF00871E67 /* NyanNyanCat.m */ = {isa = PBXFileReference; fileEncoding = 4; lastKnownFileType = sourcecode.c.objc; path = NyanNyanCat.m; sourceTree = "<group>"; };
		D652FD93BFCB2A7710AD9E7A /* Pods_SuperMessagingProxyTests.framework */ = {isa = PBXFileReference; explicitFileType = wrapper.framework; includeInIndex = 0; path = Pods_SuperMessagingProxyTests.framework; sourceTree = BUILT_PRODUCTS_DIR; };
		E2B8D7C7DF595CB8C77BD06A /* Pods-SuperMessagingProxyTests.debug.xcconfig */ = {isa = PBXFileReference; includeInIndex = 1; lastKnownFileType = text.xcconfig; name = "Pods-SuperMessagingProxyTests.debug.xcconfig"; path = "Pods/Target Support Files/Pods-SuperMessagingProxyTests/Pods-SuperMessagingProxyTests.debug.xcconfig"; sourceTree = "<group>"; };
/* End PBXFileReference section */

/* Begin PBXFrameworksBuildPhase section */
		BB07E1E41CEF9B3C000F1535 /* Frameworks */ = {
			isa = PBXFrameworksBuildPhase;
			buildActionMask = 2147483647;
			files = (
				73707C5B93184901F33D155F /* Pods_SuperMessagingProxyTests.framework in Frameworks */,
			);
			runOnlyForDeploymentPostprocessing = 0;
		};
/* End PBXFrameworksBuildPhase section */

/* Begin PBXGroup section */
		6003F581195388D10070C39A = {
			isa = PBXGroup;
			children = (
				60FF7A9C1954A5C5007DD14C /* Podspec Metadata */,
				BBD9CB5F1CEE550300B7A43E /* Tests */,
				6003F58C195388D20070C39A /* Frameworks */,
				6003F58B195388D20070C39A /* Products */,
				91FB0AA0D2B71F8706C03038 /* Pods */,
			);
			sourceTree = "<group>";
		};
		6003F58B195388D20070C39A /* Products */ = {
			isa = PBXGroup;
			children = (
				BB07E1E71CEF9B3C000F1535 /* SuperMessagingProxyTests.xctest */,
			);
			name = Products;
			sourceTree = "<group>";
		};
		6003F58C195388D20070C39A /* Frameworks */ = {
			isa = PBXGroup;
			children = (
				6003F58D195388D20070C39A /* Foundation.framework */,
				D652FD93BFCB2A7710AD9E7A /* Pods_SuperMessagingProxyTests.framework */,
			);
			name = Frameworks;
			sourceTree = "<group>";
		};
		60FF7A9C1954A5C5007DD14C /* Podspec Metadata */ = {
			isa = PBXGroup;
			children = (
				92EE4A6673A18E8CA6203357 /* SGVSuperMessagingProxy.podspec */,
				1AC129F6142EE0CFD66CE88A /* README.md */,
				55DAC46AA2376B464802AFE4 /* LICENSE */,
			);
			name = "Podspec Metadata";
			sourceTree = "<group>";
		};
		91FB0AA0D2B71F8706C03038 /* Pods */ = {
			isa = PBXGroup;
			children = (
				E2B8D7C7DF595CB8C77BD06A /* Pods-SuperMessagingProxyTests.debug.xcconfig */,
				68E3E6560F19DE8DA94C4919 /* Pods-SuperMessagingProxyTests.release.xcconfig */,
			);
			name = Pods;
			sourceTree = "<group>";
		};
		BBD9CB5F1CEE550300B7A43E /* Tests */ = {
			isa = PBXGroup;
			children = (
				BBF0D7981CEFA26500871E67 /* Objective-C */,
				BBF0D7A01CEFA26500871E67 /* Swift */,
				BBF0D79F1CEFA26500871E67 /* SuperMessagingProxyTests.swift */,
				BBF0D7AB1CEFB5DE00871E67 /* SGVSuperMessagingProxyTests.m */,
				BBD9CB6F1CEE555F00B7A43E /* Info.plist */,
			);
			path = Tests;
			sourceTree = "<group>";
		};
		BBF0D7981CEFA26500871E67 /* Objective-C */ = {
			isa = PBXGroup;
			children = (
				BBF0D7AD1CEFB88000871E67 /* Cat.h */,
				BBF0D7AE1CEFB88000871E67 /* Cat.m */,
				BBF0D7B01CEFBD1200871E67 /* NyanCat.h */,
				BBF0D7B11CEFBD1200871E67 /* NyanCat.m */,
				BBF0D7B31CEFBDBF00871E67 /* NyanNyanCat.h */,
				BBF0D7B41CEFBDBF00871E67 /* NyanNyanCat.m */,
			);
			path = "Objective-C";
			sourceTree = "<group>";
		};
		BBF0D7A01CEFA26500871E67 /* Swift */ = {
			isa = PBXGroup;
			children = (
				BBF0D7A11CEFA26500871E67 /* Cat.swift */,
				BBF0D7A21CEFA26500871E67 /* NyanCat.swift */,
				BBF0D7A31CEFA26500871E67 /* NyanNyanCat.swift */,
			);
			path = Swift;
			sourceTree = "<group>";
		};
/* End PBXGroup section */

/* Begin PBXNativeTarget section */
		BB07E1E61CEF9B3C000F1535 /* SuperMessagingProxyTests */ = {
			isa = PBXNativeTarget;
			buildConfigurationList = BB07E1EE1CEF9B3C000F1535 /* Build configuration list for PBXNativeTarget "SuperMessagingProxyTests" */;
			buildPhases = (
				5FBEFE95DD0B624A145D1185 /* 📦 Check Pods Manifest.lock */,
				BB07E1E31CEF9B3C000F1535 /* Sources */,
				BB07E1E41CEF9B3C000F1535 /* Frameworks */,
				BB07E1E51CEF9B3C000F1535 /* Resources */,
				0BB52B2C1EAE420AF94FA4F5 /* 📦 Embed Pods Frameworks */,
				8C5D7422B6EEB530563812D8 /* 📦 Copy Pods Resources */,
			);
			buildRules = (
			);
			dependencies = (
			);
			name = SuperMessagingProxyTests;
			productName = SuperMessagingProxyTests;
			productReference = BB07E1E71CEF9B3C000F1535 /* SuperMessagingProxyTests.xctest */;
			productType = "com.apple.product-type.bundle.unit-test";
		};
/* End PBXNativeTarget section */

/* Begin PBXProject section */
		6003F582195388D10070C39A /* Project object */ = {
			isa = PBXProject;
			attributes = {
				CLASSPREFIX = SGV;
				LastSwiftUpdateCheck = 0730;
				LastUpgradeCheck = 0730;
				ORGANIZATIONNAME = "Alexander Gusev";
				TargetAttributes = {
					BB07E1E61CEF9B3C000F1535 = {
						CreatedOnToolsVersion = 7.3.1;
					};
				};
			};
			buildConfigurationList = 6003F585195388D10070C39A /* Build configuration list for PBXProject "SuperMessagingProxyTests" */;
			compatibilityVersion = "Xcode 3.2";
			developmentRegion = English;
			hasScannedForEncodings = 0;
			knownRegions = (
				en,
				Base,
			);
			mainGroup = 6003F581195388D10070C39A;
			productRefGroup = 6003F58B195388D20070C39A /* Products */;
			projectDirPath = "";
			projectRoot = "";
			targets = (
				BB07E1E61CEF9B3C000F1535 /* SuperMessagingProxyTests */,
			);
		};
/* End PBXProject section */

/* Begin PBXResourcesBuildPhase section */
		BB07E1E51CEF9B3C000F1535 /* Resources */ = {
			isa = PBXResourcesBuildPhase;
			buildActionMask = 2147483647;
			files = (
			);
			runOnlyForDeploymentPostprocessing = 0;
		};
/* End PBXResourcesBuildPhase section */

/* Begin PBXShellScriptBuildPhase section */
		0BB52B2C1EAE420AF94FA4F5 /* 📦 Embed Pods Frameworks */ = {
			isa = PBXShellScriptBuildPhase;
			buildActionMask = 2147483647;
			files = (
			);
			inputPaths = (
			);
			name = "📦 Embed Pods Frameworks";
			outputPaths = (
			);
			runOnlyForDeploymentPostprocessing = 0;
			shellPath = /bin/sh;
			shellScript = "\"${SRCROOT}/Pods/Target Support Files/Pods-SuperMessagingProxyTests/Pods-SuperMessagingProxyTests-frameworks.sh\"\n";
			showEnvVarsInLog = 0;
		};
		5FBEFE95DD0B624A145D1185 /* 📦 Check Pods Manifest.lock */ = {
			isa = PBXShellScriptBuildPhase;
			buildActionMask = 2147483647;
			files = (
			);
			inputPaths = (
			);
			name = "📦 Check Pods Manifest.lock";
			outputPaths = (
			);
			runOnlyForDeploymentPostprocessing = 0;
			shellPath = /bin/sh;
			shellScript = "diff \"${PODS_ROOT}/../Podfile.lock\" \"${PODS_ROOT}/Manifest.lock\" > /dev/null\nif [[ $? != 0 ]] ; then\n    cat << EOM\nerror: The sandbox is not in sync with the Podfile.lock. Run 'pod install' or update your CocoaPods installation.\nEOM\n    exit 1\nfi\n";
			showEnvVarsInLog = 0;
		};
		8C5D7422B6EEB530563812D8 /* 📦 Copy Pods Resources */ = {
			isa = PBXShellScriptBuildPhase;
			buildActionMask = 2147483647;
			files = (
			);
			inputPaths = (
			);
			name = "📦 Copy Pods Resources";
			outputPaths = (
			);
			runOnlyForDeploymentPostprocessing = 0;
			shellPath = /bin/sh;
			shellScript = "\"${SRCROOT}/Pods/Target Support Files/Pods-SuperMessagingProxyTests/Pods-SuperMessagingProxyTests-resources.sh\"\n";
			showEnvVarsInLog = 0;
		};
/* End PBXShellScriptBuildPhase section */

/* Begin PBXSourcesBuildPhase section */
		BB07E1E31CEF9B3C000F1535 /* Sources */ = {
			isa = PBXSourcesBuildPhase;
			buildActionMask = 2147483647;
			files = (
				BBF0D7A91CEFA26500871E67 /* NyanCat.swift in Sources */,
				BBF0D7AC1CEFB5DE00871E67 /* SGVSuperMessagingProxyTests.m in Sources */,
				BBF0D7AF1CEFB88000871E67 /* Cat.m in Sources */,
				BBF0D7B21CEFBD1200871E67 /* NyanCat.m in Sources */,
				BBF0D7A81CEFA26500871E67 /* Cat.swift in Sources */,
				BBF0D7A71CEFA26500871E67 /* SuperMessagingProxyTests.swift in Sources */,
				BBF0D7AA1CEFA26500871E67 /* NyanNyanCat.swift in Sources */,
				BBF0D7B51CEFBDBF00871E67 /* NyanNyanCat.m in Sources */,
			);
			runOnlyForDeploymentPostprocessing = 0;
		};
/* End PBXSourcesBuildPhase section */

/* Begin XCBuildConfiguration section */
		6003F5BD195388D20070C39A /* Debug */ = {
			isa = XCBuildConfiguration;
			buildSettings = {
				ALWAYS_SEARCH_USER_PATHS = NO;
				CLANG_CXX_LANGUAGE_STANDARD = "gnu++0x";
				CLANG_CXX_LIBRARY = "libc++";
				CLANG_ENABLE_MODULES = YES;
				CLANG_ENABLE_OBJC_ARC = YES;
				CLANG_WARN_BOOL_CONVERSION = YES;
				CLANG_WARN_CONSTANT_CONVERSION = YES;
				CLANG_WARN_DIRECT_OBJC_ISA_USAGE = YES_ERROR;
				CLANG_WARN_EMPTY_BODY = YES;
				CLANG_WARN_ENUM_CONVERSION = YES;
				CLANG_WARN_INT_CONVERSION = YES;
				CLANG_WARN_OBJC_ROOT_CLASS = YES_ERROR;
				CLANG_WARN__DUPLICATE_METHOD_MATCH = YES;
				COPY_PHASE_STRIP = NO;
				DEFINES_MODULE = YES;
				ENABLE_TESTABILITY = YES;
				GCC_C_LANGUAGE_STANDARD = gnu99;
				GCC_DYNAMIC_NO_PIC = NO;
				GCC_OPTIMIZATION_LEVEL = 0;
				GCC_PREPROCESSOR_DEFINITIONS = (
					"DEBUG=1",
					"$(inherited)",
				);
				GCC_SYMBOLS_PRIVATE_EXTERN = NO;
				GCC_WARN_64_TO_32_BIT_CONVERSION = YES;
				GCC_WARN_ABOUT_RETURN_TYPE = YES_ERROR;
				GCC_WARN_UNDECLARED_SELECTOR = YES;
				GCC_WARN_UNINITIALIZED_AUTOS = YES_AGGRESSIVE;
				GCC_WARN_UNUSED_FUNCTION = YES;
				GCC_WARN_UNUSED_VARIABLE = YES;
				IPHONEOS_DEPLOYMENT_TARGET = 8.0;
				ONLY_ACTIVE_ARCH = YES;
				SDKROOT = iphoneos;
				TARGETED_DEVICE_FAMILY = "1,2";
			};
			name = Debug;
		};
		6003F5BE195388D20070C39A /* Release */ = {
			isa = XCBuildConfiguration;
			buildSettings = {
				ALWAYS_SEARCH_USER_PATHS = NO;
				CLANG_CXX_LANGUAGE_STANDARD = "gnu++0x";
				CLANG_CXX_LIBRARY = "libc++";
				CLANG_ENABLE_MODULES = YES;
				CLANG_ENABLE_OBJC_ARC = YES;
				CLANG_WARN_BOOL_CONVERSION = YES;
				CLANG_WARN_CONSTANT_CONVERSION = YES;
				CLANG_WARN_DIRECT_OBJC_ISA_USAGE = YES_ERROR;
				CLANG_WARN_EMPTY_BODY = YES;
				CLANG_WARN_ENUM_CONVERSION = YES;
				CLANG_WARN_INT_CONVERSION = YES;
				CLANG_WARN_OBJC_ROOT_CLASS = YES_ERROR;
				CLANG_WARN__DUPLICATE_METHOD_MATCH = YES;
				COPY_PHASE_STRIP = YES;
				DEFINES_MODULE = YES;
				ENABLE_NS_ASSERTIONS = NO;
				GCC_C_LANGUAGE_STANDARD = gnu99;
				GCC_WARN_64_TO_32_BIT_CONVERSION = YES;
				GCC_WARN_ABOUT_RETURN_TYPE = YES_ERROR;
				GCC_WARN_UNDECLARED_SELECTOR = YES;
				GCC_WARN_UNINITIALIZED_AUTOS = YES_AGGRESSIVE;
				GCC_WARN_UNUSED_FUNCTION = YES;
				GCC_WARN_UNUSED_VARIABLE = YES;
				IPHONEOS_DEPLOYMENT_TARGET = 8.0;
				SDKROOT = iphoneos;
				TARGETED_DEVICE_FAMILY = "1,2";
				VALIDATE_PRODUCT = YES;
			};
			name = Release;
		};
		BB07E1EC1CEF9B3C000F1535 /* Debug */ = {
			isa = XCBuildConfiguration;
			baseConfigurationReference = E2B8D7C7DF595CB8C77BD06A /* Pods-SuperMessagingProxyTests.debug.xcconfig */;
			buildSettings = {
				CLANG_ANALYZER_NONNULL = YES;
				CLANG_ENABLE_MODULES = YES;
				CLANG_WARN_UNREACHABLE_CODE = YES;
				CODE_SIGN_IDENTITY = "-";
				COMBINE_HIDPI_IMAGES = YES;
				DEBUG_INFORMATION_FORMAT = dwarf;
				ENABLE_STRICT_OBJC_MSGSEND = YES;
				GCC_NO_COMMON_BLOCKS = YES;
				INFOPLIST_FILE = Tests/Info.plist;
				LD_RUNPATH_SEARCH_PATHS = "$(inherited) @executable_path/../Frameworks @loader_path/../Frameworks";
				MACOSX_DEPLOYMENT_TARGET = 10.11;
				MTL_ENABLE_DEBUG_INFO = YES;
				PRODUCT_BUNDLE_IDENTIFIER = com.sanekgusev.SuperMessagingProxyTests;
				PRODUCT_NAME = "$(TARGET_NAME)";
				SDKROOT = macosx;
				SWIFT_OPTIMIZATION_LEVEL = "-Onone";
			};
			name = Debug;
		};
		BB07E1ED1CEF9B3C000F1535 /* Release */ = {
			isa = XCBuildConfiguration;
			baseConfigurationReference = 68E3E6560F19DE8DA94C4919 /* Pods-SuperMessagingProxyTests.release.xcconfig */;
			buildSettings = {
				CLANG_ANALYZER_NONNULL = YES;
				CLANG_ENABLE_MODULES = YES;
				CLANG_WARN_UNREACHABLE_CODE = YES;
				CODE_SIGN_IDENTITY = "-";
				COMBINE_HIDPI_IMAGES = YES;
				COPY_PHASE_STRIP = NO;
				DEBUG_INFORMATION_FORMAT = "dwarf-with-dsym";
				ENABLE_STRICT_OBJC_MSGSEND = YES;
				GCC_NO_COMMON_BLOCKS = YES;
				INFOPLIST_FILE = Tests/Info.plist;
				LD_RUNPATH_SEARCH_PATHS = "$(inherited) @executable_path/../Frameworks @loader_path/../Frameworks";
				MACOSX_DEPLOYMENT_TARGET = 10.11;
				MTL_ENABLE_DEBUG_INFO = NO;
				PRODUCT_BUNDLE_IDENTIFIER = com.sanekgusev.SuperMessagingProxyTests;
				PRODUCT_NAME = "$(TARGET_NAME)";
				SDKROOT = macosx;
			};
			name = Release;
		};
/* End XCBuildConfiguration section */

/* Begin XCConfigurationList section */
		6003F585195388D10070C39A /* Build configuration list for PBXProject "SuperMessagingProxyTests" */ = {
			isa = XCConfigurationList;
			buildConfigurations = (
				6003F5BD195388D20070C39A /* Debug */,
				6003F5BE195388D20070C39A /* Release */,
			);
			defaultConfigurationIsVisible = 0;
			defaultConfigurationName = Release;
		};
		BB07E1EE1CEF9B3C000F1535 /* Build configuration list for PBXNativeTarget "SuperMessagingProxyTests" */ = {
			isa = XCConfigurationList;
			buildConfigurations = (
				BB07E1EC1CEF9B3C000F1535 /* Debug */,
				BB07E1ED1CEF9B3C000F1535 /* Release */,
			);
			defaultConfigurationIsVisible = 0;
			defaultConfigurationName = Release;
		};
/* End XCConfigurationList section */
	};
	rootObject = 6003F582195388D10070C39A /* Project object */;
}
